// !$*UTF8*$!
{
	archiveVersion = 1;
	classes = {
	};
	objectVersion = 46;
	objects = {

/* Begin PBXBuildFile section */
		8EB3E8F41EB914CC0042B592 /* AppDelegate.swift in Sources */ = {isa = PBXBuildFile; fileRef = 8EB3E8F31EB914CC0042B592 /* AppDelegate.swift */; };
		8EB3E8F61EB914CC0042B592 /* ViewController.swift in Sources */ = {isa = PBXBuildFile; fileRef = 8EB3E8F51EB914CC0042B592 /* ViewController.swift */; };
		8EB3E8F91EB914CC0042B592 /* Main.storyboard in Resources */ = {isa = PBXBuildFile; fileRef = 8EB3E8F71EB914CC0042B592 /* Main.storyboard */; };
		8EB3E8FB1EB914CC0042B592 /* Assets.xcassets in Resources */ = {isa = PBXBuildFile; fileRef = 8EB3E8FA1EB914CC0042B592 /* Assets.xcassets */; };
		8EB3E8FE1EB914CC0042B592 /* LaunchScreen.storyboard in Resources */ = {isa = PBXBuildFile; fileRef = 8EB3E8FC1EB914CC0042B592 /* LaunchScreen.storyboard */; };
		8EB3E9091EB914CC0042B592 /* ItalianVerbHelperTests.swift in Sources */ = {isa = PBXBuildFile; fileRef = 8EB3E9081EB914CC0042B592 /* ItalianVerbHelperTests.swift */; };
		8EB3E9141EB914CC0042B592 /* ItalianVerbHelperUITests.swift in Sources */ = {isa = PBXBuildFile; fileRef = 8EB3E9131EB914CC0042B592 /* ItalianVerbHelperUITests.swift */; };
		8EB3E9241EB915730042B592 /* plist.swift in Sources */ = {isa = PBXBuildFile; fileRef = 8EB3E9231EB915730042B592 /* plist.swift */; };
		8EB3E9341EBA2CA70042B592 /* ItalianVerbSup.plist in Resources */ = {isa = PBXBuildFile; fileRef = 8EB3E9331EBA2CA70042B592 /* ItalianVerbSup.plist */; };
/* End PBXBuildFile section */

/* Begin PBXContainerItemProxy section */
		8EB3E9051EB914CC0042B592 /* PBXContainerItemProxy */ = {
			isa = PBXContainerItemProxy;
			containerPortal = 8EB3E8E81EB914CC0042B592 /* Project object */;
			proxyType = 1;
			remoteGlobalIDString = 8EB3E8EF1EB914CC0042B592;
			remoteInfo = ItalianVerbHelper;
		};
		8EB3E9101EB914CC0042B592 /* PBXContainerItemProxy */ = {
			isa = PBXContainerItemProxy;
			containerPortal = 8EB3E8E81EB914CC0042B592 /* Project object */;
			proxyType = 1;
			remoteGlobalIDString = 8EB3E8EF1EB914CC0042B592;
			remoteInfo = ItalianVerbHelper;
		};
/* End PBXContainerItemProxy section */

/* Begin PBXFileReference section */
		8EB3E8F01EB914CC0042B592 /* ItalianVerbHelper.app */ = {isa = PBXFileReference; explicitFileType = wrapper.application; includeInIndex = 0; path = ItalianVerbHelper.app; sourceTree = BUILT_PRODUCTS_DIR; };
		8EB3E8F31EB914CC0042B592 /* AppDelegate.swift */ = {isa = PBXFileReference; lastKnownFileType = sourcecode.swift; path = AppDelegate.swift; sourceTree = "<group>"; };
		8EB3E8F51EB914CC0042B592 /* ViewController.swift */ = {isa = PBXFileReference; lastKnownFileType = sourcecode.swift; path = ViewController.swift; sourceTree = "<group>"; };
		8EB3E8F81EB914CC0042B592 /* Base */ = {isa = PBXFileReference; lastKnownFileType = file.storyboard; name = Base; path = Base.lproj/Main.storyboard; sourceTree = "<group>"; };
		8EB3E8FA1EB914CC0042B592 /* Assets.xcassets */ = {isa = PBXFileReference; lastKnownFileType = folder.assetcatalog; path = Assets.xcassets; sourceTree = "<group>"; };
		8EB3E8FD1EB914CC0042B592 /* Base */ = {isa = PBXFileReference; lastKnownFileType = file.storyboard; name = Base; path = Base.lproj/LaunchScreen.storyboard; sourceTree = "<group>"; };
		8EB3E8FF1EB914CC0042B592 /* Info.plist */ = {isa = PBXFileReference; lastKnownFileType = text.plist.xml; path = Info.plist; sourceTree = "<group>"; };
		8EB3E9041EB914CC0042B592 /* ItalianVerbHelperTests.xctest */ = {isa = PBXFileReference; explicitFileType = wrapper.cfbundle; includeInIndex = 0; path = ItalianVerbHelperTests.xctest; sourceTree = BUILT_PRODUCTS_DIR; };
		8EB3E9081EB914CC0042B592 /* ItalianVerbHelperTests.swift */ = {isa = PBXFileReference; lastKnownFileType = sourcecode.swift; path = ItalianVerbHelperTests.swift; sourceTree = "<group>"; };
		8EB3E90A1EB914CC0042B592 /* Info.plist */ = {isa = PBXFileReference; lastKnownFileType = text.plist.xml; path = Info.plist; sourceTree = "<group>"; };
		8EB3E90F1EB914CC0042B592 /* ItalianVerbHelperUITests.xctest */ = {isa = PBXFileReference; explicitFileType = wrapper.cfbundle; includeInIndex = 0; path = ItalianVerbHelperUITests.xctest; sourceTree = BUILT_PRODUCTS_DIR; };
		8EB3E9131EB914CC0042B592 /* ItalianVerbHelperUITests.swift */ = {isa = PBXFileReference; lastKnownFileType = sourcecode.swift; path = ItalianVerbHelperUITests.swift; sourceTree = "<group>"; };
		8EB3E9151EB914CC0042B592 /* Info.plist */ = {isa = PBXFileReference; lastKnownFileType = text.plist.xml; path = Info.plist; sourceTree = "<group>"; };
		8EB3E9231EB915730042B592 /* plist.swift */ = {isa = PBXFileReference; fileEncoding = 4; lastKnownFileType = sourcecode.swift; path = plist.swift; sourceTree = "<group>"; };
		8EB3E9331EBA2CA70042B592 /* ItalianVerbSup.plist */ = {isa = PBXFileReference; fileEncoding = 4; lastKnownFileType = text.plist.xml; path = ItalianVerbSup.plist; sourceTree = "<group>"; };
/* End PBXFileReference section */

/* Begin PBXFrameworksBuildPhase section */
		8EB3E8ED1EB914CC0042B592 /* Frameworks */ = {
			isa = PBXFrameworksBuildPhase;
			buildActionMask = 2147483647;
			files = (
			);
			runOnlyForDeploymentPostprocessing = 0;
		};
		8EB3E9011EB914CC0042B592 /* Frameworks */ = {
			isa = PBXFrameworksBuildPhase;
			buildActionMask = 2147483647;
			files = (
			);
			runOnlyForDeploymentPostprocessing = 0;
		};
		8EB3E90C1EB914CC0042B592 /* Frameworks */ = {
			isa = PBXFrameworksBuildPhase;
			buildActionMask = 2147483647;
			files = (
			);
			runOnlyForDeploymentPostprocessing = 0;
		};
/* End PBXFrameworksBuildPhase section */

/* Begin PBXGroup section */
		8EB3E8E71EB914CC0042B592 = {
			isa = PBXGroup;
			children = (
				8EB3E8F21EB914CC0042B592 /* ItalianVerbHelper */,
				8EB3E9071EB914CC0042B592 /* ItalianVerbHelperTests */,
				8EB3E9121EB914CC0042B592 /* ItalianVerbHelperUITests */,
				8EB3E8F11EB914CC0042B592 /* Products */,
			);
			sourceTree = "<group>";
		};
		8EB3E8F11EB914CC0042B592 /* Products */ = {
			isa = PBXGroup;
			children = (
				8EB3E8F01EB914CC0042B592 /* ItalianVerbHelper.app */,
				8EB3E9041EB914CC0042B592 /* ItalianVerbHelperTests.xctest */,
				8EB3E90F1EB914CC0042B592 /* ItalianVerbHelperUITests.xctest */,
			);
			name = Products;
			sourceTree = "<group>";
		};
		8EB3E8F21EB914CC0042B592 /* ItalianVerbHelper */ = {
			isa = PBXGroup;
			children = (
				8EB3E8F31EB914CC0042B592 /* AppDelegate.swift */,
				8EB3E8F51EB914CC0042B592 /* ViewController.swift */,
				8EB3E9331EBA2CA70042B592 /* ItalianVerbSup.plist */,
				8EB3E8F71EB914CC0042B592 /* Main.storyboard */,
				8EB3E8FA1EB914CC0042B592 /* Assets.xcassets */,
				8EB3E8FC1EB914CC0042B592 /* LaunchScreen.storyboard */,
				8EB3E8FF1EB914CC0042B592 /* Info.plist */,
				8EB3E9231EB915730042B592 /* plist.swift */,
			);
			path = ItalianVerbHelper;
			sourceTree = "<group>";
		};
		8EB3E9071EB914CC0042B592 /* ItalianVerbHelperTests */ = {
			isa = PBXGroup;
			children = (
				8EB3E9081EB914CC0042B592 /* ItalianVerbHelperTests.swift */,
				8EB3E90A1EB914CC0042B592 /* Info.plist */,
			);
			path = ItalianVerbHelperTests;
			sourceTree = "<group>";
		};
		8EB3E9121EB914CC0042B592 /* ItalianVerbHelperUITests */ = {
			isa = PBXGroup;
			children = (
				8EB3E9131EB914CC0042B592 /* ItalianVerbHelperUITests.swift */,
				8EB3E9151EB914CC0042B592 /* Info.plist */,
			);
			path = ItalianVerbHelperUITests;
			sourceTree = "<group>";
		};
/* End PBXGroup section */

/* Begin PBXNativeTarget section */
		8EB3E8EF1EB914CC0042B592 /* ItalianVerbHelper */ = {
			isa = PBXNativeTarget;
			buildConfigurationList = 8EB3E9181EB914CC0042B592 /* Build configuration list for PBXNativeTarget "ItalianVerbHelper" */;
			buildPhases = (
				8EB3E8EC1EB914CC0042B592 /* Sources */,
				8EB3E8ED1EB914CC0042B592 /* Frameworks */,
				8EB3E8EE1EB914CC0042B592 /* Resources */,
			);
			buildRules = (
			);
			dependencies = (
			);
			name = ItalianVerbHelper;
			productName = ItalianVerbHelper;
			productReference = 8EB3E8F01EB914CC0042B592 /* ItalianVerbHelper.app */;
			productType = "com.apple.product-type.application";
		};
		8EB3E9031EB914CC0042B592 /* ItalianVerbHelperTests */ = {
			isa = PBXNativeTarget;
			buildConfigurationList = 8EB3E91B1EB914CC0042B592 /* Build configuration list for PBXNativeTarget "ItalianVerbHelperTests" */;
			buildPhases = (
				8EB3E9001EB914CC0042B592 /* Sources */,
				8EB3E9011EB914CC0042B592 /* Frameworks */,
				8EB3E9021EB914CC0042B592 /* Resources */,
			);
			buildRules = (
			);
			dependencies = (
				8EB3E9061EB914CC0042B592 /* PBXTargetDependency */,
			);
			name = ItalianVerbHelperTests;
			productName = ItalianVerbHelperTests;
			productReference = 8EB3E9041EB914CC0042B592 /* ItalianVerbHelperTests.xctest */;
			productType = "com.apple.product-type.bundle.unit-test";
		};
		8EB3E90E1EB914CC0042B592 /* ItalianVerbHelperUITests */ = {
			isa = PBXNativeTarget;
			buildConfigurationList = 8EB3E91E1EB914CC0042B592 /* Build configuration list for PBXNativeTarget "ItalianVerbHelperUITests" */;
			buildPhases = (
				8EB3E90B1EB914CC0042B592 /* Sources */,
				8EB3E90C1EB914CC0042B592 /* Frameworks */,
				8EB3E90D1EB914CC0042B592 /* Resources */,
			);
			buildRules = (
			);
			dependencies = (
				8EB3E9111EB914CC0042B592 /* PBXTargetDependency */,
			);
			name = ItalianVerbHelperUITests;
			productName = ItalianVerbHelperUITests;
			productReference = 8EB3E90F1EB914CC0042B592 /* ItalianVerbHelperUITests.xctest */;
			productType = "com.apple.product-type.bundle.ui-testing";
		};
/* End PBXNativeTarget section */

/* Begin PBXProject section */
		8EB3E8E81EB914CC0042B592 /* Project object */ = {
			isa = PBXProject;
			attributes = {
				LastSwiftUpdateCheck = 0830;
				LastUpgradeCheck = 0830;
				ORGANIZATIONNAME = "Normand Martin";
				TargetAttributes = {
					8EB3E8EF1EB914CC0042B592 = {
						CreatedOnToolsVersion = 8.3.2;
						DevelopmentTeam = X6D769Z7F4;
						ProvisioningStyle = Automatic;
					};
					8EB3E9031EB914CC0042B592 = {
						CreatedOnToolsVersion = 8.3.2;
						DevelopmentTeam = X6D769Z7F4;
						ProvisioningStyle = Automatic;
						TestTargetID = 8EB3E8EF1EB914CC0042B592;
					};
					8EB3E90E1EB914CC0042B592 = {
						CreatedOnToolsVersion = 8.3.2;
						DevelopmentTeam = X6D769Z7F4;
						ProvisioningStyle = Automatic;
						TestTargetID = 8EB3E8EF1EB914CC0042B592;
					};
				};
			};
			buildConfigurationList = 8EB3E8EB1EB914CC0042B592 /* Build configuration list for PBXProject "ItalianVerbHelper" */;
			compatibilityVersion = "Xcode 3.2";
			developmentRegion = English;
			hasScannedForEncodings = 0;
			knownRegions = (
				en,
				Base,
			);
			mainGroup = 8EB3E8E71EB914CC0042B592;
			productRefGroup = 8EB3E8F11EB914CC0042B592 /* Products */;
			projectDirPath = "";
			projectRoot = "";
			targets = (
				8EB3E8EF1EB914CC0042B592 /* ItalianVerbHelper */,
				8EB3E9031EB914CC0042B592 /* ItalianVerbHelperTests */,
				8EB3E90E1EB914CC0042B592 /* ItalianVerbHelperUITests */,
			);
		};
/* End PBXProject section */

/* Begin PBXResourcesBuildPhase section */
		8EB3E8EE1EB914CC0042B592 /* Resources */ = {
			isa = PBXResourcesBuildPhase;
			buildActionMask = 2147483647;
			files = (
				8EB3E8FE1EB914CC0042B592 /* LaunchScreen.storyboard in Resources */,
				8EB3E9341EBA2CA70042B592 /* ItalianVerbSup.plist in Resources */,
				8EB3E8FB1EB914CC0042B592 /* Assets.xcassets in Resources */,
				8EB3E8F91EB914CC0042B592 /* Main.storyboard in Resources */,
			);
			runOnlyForDeploymentPostprocessing = 0;
		};
		8EB3E9021EB914CC0042B592 /* Resources */ = {
			isa = PBXResourcesBuildPhase;
			buildActionMask = 2147483647;
			files = (
			);
			runOnlyForDeploymentPostprocessing = 0;
		};
		8EB3E90D1EB914CC0042B592 /* Resources */ = {
			isa = PBXResourcesBuildPhase;
			buildActionMask = 2147483647;
			files = (
			);
			runOnlyForDeploymentPostprocessing = 0;
		};
/* End PBXResourcesBuildPhase section */

/* Begin PBXSourcesBuildPhase section */
		8EB3E8EC1EB914CC0042B592 /* Sources */ = {
			isa = PBXSourcesBuildPhase;
			buildActionMask = 2147483647;
			files = (
				8EB3E9241EB915730042B592 /* plist.swift in Sources */,
				8EB3E8F61EB914CC0042B592 /* ViewController.swift in Sources */,
				8EB3E8F41EB914CC0042B592 /* AppDelegate.swift in Sources */,
			);
			runOnlyForDeploymentPostprocessing = 0;
		};
		8EB3E9001EB914CC0042B592 /* Sources */ = {
			isa = PBXSourcesBuildPhase;
			buildActionMask = 2147483647;
			files = (
				8EB3E9091EB914CC0042B592 /* ItalianVerbHelperTests.swift in Sources */,
			);
			runOnlyForDeploymentPostprocessing = 0;
		};
		8EB3E90B1EB914CC0042B592 /* Sources */ = {
			isa = PBXSourcesBuildPhase;
			buildActionMask = 2147483647;
			files = (
				8EB3E9141EB914CC0042B592 /* ItalianVerbHelperUITests.swift in Sources */,
			);
			runOnlyForDeploymentPostprocessing = 0;
		};
/* End PBXSourcesBuildPhase section */

/* Begin PBXTargetDependency section */
		8EB3E9061EB914CC0042B592 /* PBXTargetDependency */ = {
			isa = PBXTargetDependency;
			target = 8EB3E8EF1EB914CC0042B592 /* ItalianVerbHelper */;
			targetProxy = 8EB3E9051EB914CC0042B592 /* PBXContainerItemProxy */;
		};
		8EB3E9111EB914CC0042B592 /* PBXTargetDependency */ = {
			isa = PBXTargetDependency;
			target = 8EB3E8EF1EB914CC0042B592 /* ItalianVerbHelper */;
			targetProxy = 8EB3E9101EB914CC0042B592 /* PBXContainerItemProxy */;
		};
/* End PBXTargetDependency section */

/* Begin PBXVariantGroup section */
		8EB3E8F71EB914CC0042B592 /* Main.storyboard */ = {
			isa = PBXVariantGroup;
			children = (
				8EB3E8F81EB914CC0042B592 /* Base */,
			);
			name = Main.storyboard;
			sourceTree = "<group>";
		};
		8EB3E8FC1EB914CC0042B592 /* LaunchScreen.storyboard */ = {
			isa = PBXVariantGroup;
			children = (
				8EB3E8FD1EB914CC0042B592 /* Base */,
			);
			name = LaunchScreen.storyboard;
			sourceTree = "<group>";
		};
/* End PBXVariantGroup section */

/* Begin XCBuildConfiguration section */
		8EB3E9161EB914CC0042B592 /* Debug */ = {
			isa = XCBuildConfiguration;
			buildSettings = {
				ALWAYS_SEARCH_USER_PATHS = NO;
				CLANG_ANALYZER_NONNULL = YES;
				CLANG_ANALYZER_NUMBER_OBJECT_CONVERSION = YES_AGGRESSIVE;
				CLANG_CXX_LANGUAGE_STANDARD = "gnu++0x";
				CLANG_CXX_LIBRARY = "libc++";
				CLANG_ENABLE_MODULES = YES;
				CLANG_ENABLE_OBJC_ARC = YES;
				CLANG_WARN_BOOL_CONVERSION = YES;
				CLANG_WARN_CONSTANT_CONVERSION = YES;
				CLANG_WARN_DIRECT_OBJC_ISA_USAGE = YES_ERROR;
				CLANG_WARN_DOCUMENTATION_COMMENTS = YES;
				CLANG_WARN_EMPTY_BODY = YES;
				CLANG_WARN_ENUM_CONVERSION = YES;
				CLANG_WARN_INFINITE_RECURSION = YES;
				CLANG_WARN_INT_CONVERSION = YES;
				CLANG_WARN_OBJC_ROOT_CLASS = YES_ERROR;
				CLANG_WARN_SUSPICIOUS_MOVE = YES;
				CLANG_WARN_UNREACHABLE_CODE = YES;
				CLANG_WARN__DUPLICATE_METHOD_MATCH = YES;
				"CODE_SIGN_IDENTITY[sdk=iphoneos*]" = "iPhone Developer";
				COPY_PHASE_STRIP = NO;
				DEBUG_INFORMATION_FORMAT = dwarf;
				ENABLE_STRICT_OBJC_MSGSEND = YES;
				ENABLE_TESTABILITY = YES;
				GCC_C_LANGUAGE_STANDARD = gnu99;
				GCC_DYNAMIC_NO_PIC = NO;
				GCC_NO_COMMON_BLOCKS = YES;
				GCC_OPTIMIZATION_LEVEL = 0;
				GCC_PREPROCESSOR_DEFINITIONS = (
					"DEBUG=1",
					"$(inherited)",
				);
				GCC_WARN_64_TO_32_BIT_CONVERSION = YES;
				GCC_WARN_ABOUT_RETURN_TYPE = YES_ERROR;
				GCC_WARN_UNDECLARED_SELECTOR = YES;
				GCC_WARN_UNINITIALIZED_AUTOS = YES_AGGRESSIVE;
				GCC_WARN_UNUSED_FUNCTION = YES;
				GCC_WARN_UNUSED_VARIABLE = YES;
				IPHONEOS_DEPLOYMENT_TARGET = 10.3;
				MTL_ENABLE_DEBUG_INFO = YES;
				ONLY_ACTIVE_ARCH = YES;
				SDKROOT = iphoneos;
				SWIFT_ACTIVE_COMPILATION_CONDITIONS = DEBUG;
				SWIFT_OPTIMIZATION_LEVEL = "-Onone";
				TARGETED_DEVICE_FAMILY = "1,2";
			};
			name = Debug;
		};
		8EB3E9171EB914CC0042B592 /* Release */ = {
			isa = XCBuildConfiguration;
			buildSettings = {
				ALWAYS_SEARCH_USER_PATHS = NO;
				CLANG_ANALYZER_NONNULL = YES;
				CLANG_ANALYZER_NUMBER_OBJECT_CONVERSION = YES_AGGRESSIVE;
				CLANG_CXX_LANGUAGE_STANDARD = "gnu++0x";
				CLANG_CXX_LIBRARY = "libc++";
				CLANG_ENABLE_MODULES = YES;
				CLANG_ENABLE_OBJC_ARC = YES;
				CLANG_WARN_BOOL_CONVERSION = YES;
				CLANG_WARN_CONSTANT_CONVERSION = YES;
				CLANG_WARN_DIRECT_OBJC_ISA_USAGE = YES_ERROR;
				CLANG_WARN_DOCUMENTATION_COMMENTS = YES;
				CLANG_WARN_EMPTY_BODY = YES;
				CLANG_WARN_ENUM_CONVERSION = YES;
				CLANG_WARN_INFINITE_RECURSION = YES;
				CLANG_WARN_INT_CONVERSION = YES;
				CLANG_WARN_OBJC_ROOT_CLASS = YES_ERROR;
				CLANG_WARN_SUSPICIOUS_MOVE = YES;
				CLANG_WARN_UNREACHABLE_CODE = YES;
				CLANG_WARN__DUPLICATE_METHOD_MATCH = YES;
				"CODE_SIGN_IDENTITY[sdk=iphoneos*]" = "iPhone Developer";
				COPY_PHASE_STRIP = NO;
				DEBUG_INFORMATION_FORMAT = "dwarf-with-dsym";
				ENABLE_NS_ASSERTIONS = NO;
				ENABLE_STRICT_OBJC_MSGSEND = YES;
				GCC_C_LANGUAGE_STANDARD = gnu99;
				GCC_NO_COMMON_BLOCKS = YES;
				GCC_WARN_64_TO_32_BIT_CONVERSION = YES;
				GCC_WARN_ABOUT_RETURN_TYPE = YES_ERROR;
				GCC_WARN_UNDECLARED_SELECTOR = YES;
				GCC_WARN_UNINITIALIZED_AUTOS = YES_AGGRESSIVE;
				GCC_WARN_UNUSED_FUNCTION = YES;
				GCC_WARN_UNUSED_VARIABLE = YES;
				IPHONEOS_DEPLOYMENT_TARGET = 10.3;
				MTL_ENABLE_DEBUG_INFO = NO;
				SDKROOT = iphoneos;
				SWIFT_OPTIMIZATION_LEVEL = "-Owholemodule";
				TARGETED_DEVICE_FAMILY = "1,2";
				VALIDATE_PRODUCT = YES;
			};
			name = Release;
		};
		8EB3E9191EB914CC0042B592 /* Debug */ = {
			isa = XCBuildConfiguration;
			buildSettings = {
				ASSETCATALOG_COMPILER_APPICON_NAME = AppIcon;
				DEVELOPMENT_TEAM = X6D769Z7F4;
				INFOPLIST_FILE = ItalianVerbHelper/Info.plist;
				LD_RUNPATH_SEARCH_PATHS = "$(inherited) @executable_path/Frameworks";
				PRODUCT_BUNDLE_IDENTIFIER = NM.ItalianVerbHelper;
				PRODUCT_NAME = "$(TARGET_NAME)";
				SWIFT_VERSION = 3.0;
			};
			name = Debug;
		};
		8EB3E91A1EB914CC0042B592 /* Release */ = {
			isa = XCBuildConfiguration;
			buildSettings = {
				ASSETCATALOG_COMPILER_APPICON_NAME = AppIcon;
				DEVELOPMENT_TEAM = X6D769Z7F4;
				INFOPLIST_FILE = ItalianVerbHelper/Info.plist;
				LD_RUNPATH_SEARCH_PATHS = "$(inherited) @executable_path/Frameworks";
				PRODUCT_BUNDLE_IDENTIFIER = NM.ItalianVerbHelper;
				PRODUCT_NAME = "$(TARGET_NAME)";
				SWIFT_VERSION = 3.0;
			};
			name = Release;
		};
		8EB3E91C1EB914CC0042B592 /* Debug */ = {
			isa = XCBuildConfiguration;
			buildSettings = {
				ALWAYS_EMBED_SWIFT_STANDARD_LIBRARIES = YES;
				BUNDLE_LOADER = "$(TEST_HOST)";
				DEVELOPMENT_TEAM = X6D769Z7F4;
				INFOPLIST_FILE = ItalianVerbHelperTests/Info.plist;
				LD_RUNPATH_SEARCH_PATHS = "$(inherited) @executable_path/Frameworks @loader_path/Frameworks";
				PRODUCT_BUNDLE_IDENTIFIER = NM.ItalianVerbHelperTests;
				PRODUCT_NAME = "$(TARGET_NAME)";
				SWIFT_VERSION = 3.0;
				TEST_HOST = "$(BUILT_PRODUCTS_DIR)/ItalianVerbHelper.app/ItalianVerbHelper";
			};
			name = Debug;
		};
		8EB3E91D1EB914CC0042B592 /* Release */ = {
			isa = XCBuildConfiguration;
			buildSettings = {
				ALWAYS_EMBED_SWIFT_STANDARD_LIBRARIES = YES;
				BUNDLE_LOADER = "$(TEST_HOST)";
				DEVELOPMENT_TEAM = X6D769Z7F4;
				INFOPLIST_FILE = ItalianVerbHelperTests/Info.plist;
				LD_RUNPATH_SEARCH_PATHS = "$(inherited) @executable_path/Frameworks @loader_path/Frameworks";
				PRODUCT_BUNDLE_IDENTIFIER = NM.ItalianVerbHelperTests;
				PRODUCT_NAME = "$(TARGET_NAME)";
				SWIFT_VERSION = 3.0;
				TEST_HOST = "$(BUILT_PRODUCTS_DIR)/ItalianVerbHelper.app/ItalianVerbHelper";
			};
			name = Release;
		};
		8EB3E91F1EB914CC0042B592 /* Debug */ = {
			isa = XCBuildConfiguration;
			buildSettings = {
				ALWAYS_EMBED_SWIFT_STANDARD_LIBRARIES = YES;
				DEVELOPMENT_TEAM = X6D769Z7F4;
				INFOPLIST_FILE = ItalianVerbHelperUITests/Info.plist;
				LD_RUNPATH_SEARCH_PATHS = "$(inherited) @executable_path/Frameworks @loader_path/Frameworks";
				PRODUCT_BUNDLE_IDENTIFIER = NM.ItalianVerbHelperUITests;
				PRODUCT_NAME = "$(TARGET_NAME)";
				SWIFT_VERSION = 3.0;
				TEST_TARGET_NAME = ItalianVerbHelper;
			};
			name = Debug;
		};
		8EB3E9201EB914CC0042B592 /* Release */ = {
			isa = XCBuildConfiguration;
			buildSettings = {
				ALWAYS_EMBED_SWIFT_STANDARD_LIBRARIES = YES;
				DEVELOPMENT_TEAM = X6D769Z7F4;
				INFOPLIST_FILE = ItalianVerbHelperUITests/Info.plist;
				LD_RUNPATH_SEARCH_PATHS = "$(inherited) @executable_path/Frameworks @loader_path/Frameworks";
				PRODUCT_BUNDLE_IDENTIFIER = NM.ItalianVerbHelperUITests;
				PRODUCT_NAME = "$(TARGET_NAME)";
				SWIFT_VERSION = 3.0;
				TEST_TARGET_NAME = ItalianVerbHelper;
			};
			name = Release;
		};
/* End XCBuildConfiguration section */

/* Begin XCConfigurationList section */
		8EB3E8EB1EB914CC0042B592 /* Build configuration list for PBXProject "ItalianVerbHelper" */ = {
			isa = XCConfigurationList;
			buildConfigurations = (
				8EB3E9161EB914CC0042B592 /* Debug */,
				8EB3E9171EB914CC0042B592 /* Release */,
			);
			defaultConfigurationIsVisible = 0;
			defaultConfigurationName = Release;
		};
		8EB3E9181EB914CC0042B592 /* Build configuration list for PBXNativeTarget "ItalianVerbHelper" */ = {
			isa = XCConfigurationList;
			buildConfigurations = (
				8EB3E9191EB914CC0042B592 /* Debug */,
				8EB3E91A1EB914CC0042B592 /* Release */,
			);
			defaultConfigurationIsVisible = 0;
			defaultConfigurationName = Release;
		};
		8EB3E91B1EB914CC0042B592 /* Build configuration list for PBXNativeTarget "ItalianVerbHelperTests" */ = {
			isa = XCConfigurationList;
			buildConfigurations = (
				8EB3E91C1EB914CC0042B592 /* Debug */,
				8EB3E91D1EB914CC0042B592 /* Release */,
			);
			defaultConfigurationIsVisible = 0;
			defaultConfigurationName = Release;
		};
		8EB3E91E1EB914CC0042B592 /* Build configuration list for PBXNativeTarget "ItalianVerbHelperUITests" */ = {
			isa = XCConfigurationList;
			buildConfigurations = (
				8EB3E91F1EB914CC0042B592 /* Debug */,
				8EB3E9201EB914CC0042B592 /* Release */,
			);
			defaultConfigurationIsVisible = 0;
			defaultConfigurationName = Release;
		};
/* End XCConfigurationList section */
	};
	rootObject = 8EB3E8E81EB914CC0042B592 /* Project object */;
}
