// !$*UTF8*$!
{
	archiveVersion = 1;
	classes = {
	};
	objectVersion = 46;
	objects = {

/* Begin PBXBuildFile section */
		8EB3E9441EBA3C060042B592 /* AppDelegate.swift in Sources */ = {isa = PBXBuildFile; fileRef = 8EB3E9431EBA3C060042B592 /* AppDelegate.swift */; };
		8EB3E9461EBA3C060042B592 /* ViewController.swift in Sources */ = {isa = PBXBuildFile; fileRef = 8EB3E9451EBA3C060042B592 /* ViewController.swift */; };
		8EB3E9491EBA3C060042B592 /* Main.storyboard in Resources */ = {isa = PBXBuildFile; fileRef = 8EB3E9471EBA3C060042B592 /* Main.storyboard */; };
		8EB3E94B1EBA3C060042B592 /* Assets.xcassets in Resources */ = {isa = PBXBuildFile; fileRef = 8EB3E94A1EBA3C060042B592 /* Assets.xcassets */; };
		8EB3E94E1EBA3C060042B592 /* LaunchScreen.storyboard in Resources */ = {isa = PBXBuildFile; fileRef = 8EB3E94C1EBA3C060042B592 /* LaunchScreen.storyboard */; };
		8EB3E9591EBA3C060042B592 /* LinkingItalianPilistsTests.swift in Sources */ = {isa = PBXBuildFile; fileRef = 8EB3E9581EBA3C060042B592 /* LinkingItalianPilistsTests.swift */; };
		8EB3E9641EBA3C060042B592 /* LinkingItalianPilistsUITests.swift in Sources */ = {isa = PBXBuildFile; fileRef = 8EB3E9631EBA3C060042B592 /* LinkingItalianPilistsUITests.swift */; };
		8EB3E9721EBA3C5C0042B592 /* ItalianVerbsListSup.plist in Resources */ = {isa = PBXBuildFile; fileRef = 8EB3E9711EBA3C5C0042B592 /* ItalianVerbsListSup.plist */; };
		8EB3E9741EBA3C690042B592 /* ItalianVerbsList.plist in Resources */ = {isa = PBXBuildFile; fileRef = 8EB3E9731EBA3C690042B592 /* ItalianVerbsList.plist */; };
		8EB3E9761EBA3F1C0042B592 /* plist.swift in Sources */ = {isa = PBXBuildFile; fileRef = 8EB3E9751EBA3F1C0042B592 /* plist.swift */; };
/* End PBXBuildFile section */

/* Begin PBXContainerItemProxy section */
		8EB3E9551EBA3C060042B592 /* PBXContainerItemProxy */ = {
			isa = PBXContainerItemProxy;
			containerPortal = 8EB3E9381EBA3C060042B592 /* Project object */;
			proxyType = 1;
			remoteGlobalIDString = 8EB3E93F1EBA3C060042B592;
			remoteInfo = LinkingItalianPilists;
		};
		8EB3E9601EBA3C060042B592 /* PBXContainerItemProxy */ = {
			isa = PBXContainerItemProxy;
			containerPortal = 8EB3E9381EBA3C060042B592 /* Project object */;
			proxyType = 1;
			remoteGlobalIDString = 8EB3E93F1EBA3C060042B592;
			remoteInfo = LinkingItalianPilists;
		};
/* End PBXContainerItemProxy section */

/* Begin PBXFileReference section */
		8EB3E9401EBA3C060042B592 /* LinkingItalianPilists.app */ = {isa = PBXFileReference; explicitFileType = wrapper.application; includeInIndex = 0; path = LinkingItalianPilists.app; sourceTree = BUILT_PRODUCTS_DIR; };
		8EB3E9431EBA3C060042B592 /* AppDelegate.swift */ = {isa = PBXFileReference; lastKnownFileType = sourcecode.swift; path = AppDelegate.swift; sourceTree = "<group>"; };
		8EB3E9451EBA3C060042B592 /* ViewController.swift */ = {isa = PBXFileReference; lastKnownFileType = sourcecode.swift; path = ViewController.swift; sourceTree = "<group>"; };
		8EB3E9481EBA3C060042B592 /* Base */ = {isa = PBXFileReference; lastKnownFileType = file.storyboard; name = Base; path = Base.lproj/Main.storyboard; sourceTree = "<group>"; };
		8EB3E94A1EBA3C060042B592 /* Assets.xcassets */ = {isa = PBXFileReference; lastKnownFileType = folder.assetcatalog; path = Assets.xcassets; sourceTree = "<group>"; };
		8EB3E94D1EBA3C060042B592 /* Base */ = {isa = PBXFileReference; lastKnownFileType = file.storyboard; name = Base; path = Base.lproj/LaunchScreen.storyboard; sourceTree = "<group>"; };
		8EB3E94F1EBA3C060042B592 /* Info.plist */ = {isa = PBXFileReference; lastKnownFileType = text.plist.xml; path = Info.plist; sourceTree = "<group>"; };
		8EB3E9541EBA3C060042B592 /* LinkingItalianPilistsTests.xctest */ = {isa = PBXFileReference; explicitFileType = wrapper.cfbundle; includeInIndex = 0; path = LinkingItalianPilistsTests.xctest; sourceTree = BUILT_PRODUCTS_DIR; };
		8EB3E9581EBA3C060042B592 /* LinkingItalianPilistsTests.swift */ = {isa = PBXFileReference; lastKnownFileType = sourcecode.swift; path = LinkingItalianPilistsTests.swift; sourceTree = "<group>"; };
		8EB3E95A1EBA3C060042B592 /* Info.plist */ = {isa = PBXFileReference; lastKnownFileType = text.plist.xml; path = Info.plist; sourceTree = "<group>"; };
		8EB3E95F1EBA3C060042B592 /* LinkingItalianPilistsUITests.xctest */ = {isa = PBXFileReference; explicitFileType = wrapper.cfbundle; includeInIndex = 0; path = LinkingItalianPilistsUITests.xctest; sourceTree = BUILT_PRODUCTS_DIR; };
		8EB3E9631EBA3C060042B592 /* LinkingItalianPilistsUITests.swift */ = {isa = PBXFileReference; lastKnownFileType = sourcecode.swift; path = LinkingItalianPilistsUITests.swift; sourceTree = "<group>"; };
		8EB3E9651EBA3C060042B592 /* Info.plist */ = {isa = PBXFileReference; lastKnownFileType = text.plist.xml; path = Info.plist; sourceTree = "<group>"; };
		8EB3E9711EBA3C5C0042B592 /* ItalianVerbsListSup.plist */ = {isa = PBXFileReference; fileEncoding = 4; lastKnownFileType = text.plist.xml; path = ItalianVerbsListSup.plist; sourceTree = "<group>"; };
		8EB3E9731EBA3C690042B592 /* ItalianVerbsList.plist */ = {isa = PBXFileReference; fileEncoding = 4; lastKnownFileType = text.plist.xml; path = ItalianVerbsList.plist; sourceTree = "<group>"; };
		8EB3E9751EBA3F1C0042B592 /* plist.swift */ = {isa = PBXFileReference; fileEncoding = 4; lastKnownFileType = sourcecode.swift; path = plist.swift; sourceTree = "<group>"; };
/* End PBXFileReference section */

/* Begin PBXFrameworksBuildPhase section */
		8EB3E93D1EBA3C060042B592 /* Frameworks */ = {
			isa = PBXFrameworksBuildPhase;
			buildActionMask = 2147483647;
			files = (
			);
			runOnlyForDeploymentPostprocessing = 0;
		};
		8EB3E9511EBA3C060042B592 /* Frameworks */ = {
			isa = PBXFrameworksBuildPhase;
			buildActionMask = 2147483647;
			files = (
			);
			runOnlyForDeploymentPostprocessing = 0;
		};
		8EB3E95C1EBA3C060042B592 /* Frameworks */ = {
			isa = PBXFrameworksBuildPhase;
			buildActionMask = 2147483647;
			files = (
			);
			runOnlyForDeploymentPostprocessing = 0;
		};
/* End PBXFrameworksBuildPhase section */

/* Begin PBXGroup section */
		8EB3E9371EBA3C060042B592 = {
			isa = PBXGroup;
			children = (
				8EB3E9421EBA3C060042B592 /* LinkingItalianPilists */,
				8EB3E9571EBA3C060042B592 /* LinkingItalianPilistsTests */,
				8EB3E9621EBA3C060042B592 /* LinkingItalianPilistsUITests */,
				8EB3E9411EBA3C060042B592 /* Products */,
			);
			sourceTree = "<group>";
		};
		8EB3E9411EBA3C060042B592 /* Products */ = {
			isa = PBXGroup;
			children = (
				8EB3E9401EBA3C060042B592 /* LinkingItalianPilists.app */,
				8EB3E9541EBA3C060042B592 /* LinkingItalianPilistsTests.xctest */,
				8EB3E95F1EBA3C060042B592 /* LinkingItalianPilistsUITests.xctest */,
			);
			name = Products;
			sourceTree = "<group>";
		};
		8EB3E9421EBA3C060042B592 /* LinkingItalianPilists */ = {
			isa = PBXGroup;
			children = (
				8EB3E9431EBA3C060042B592 /* AppDelegate.swift */,
				8EB3E9451EBA3C060042B592 /* ViewController.swift */,
				8EB3E9731EBA3C690042B592 /* ItalianVerbsList.plist */,
				8EB3E9711EBA3C5C0042B592 /* ItalianVerbsListSup.plist */,
				8EB3E9471EBA3C060042B592 /* Main.storyboard */,
				8EB3E94A1EBA3C060042B592 /* Assets.xcassets */,
				8EB3E94C1EBA3C060042B592 /* LaunchScreen.storyboard */,
				8EB3E94F1EBA3C060042B592 /* Info.plist */,
				8EB3E9751EBA3F1C0042B592 /* plist.swift */,
			);
			path = LinkingItalianPilists;
			sourceTree = "<group>";
		};
		8EB3E9571EBA3C060042B592 /* LinkingItalianPilistsTests */ = {
			isa = PBXGroup;
			children = (
				8EB3E9581EBA3C060042B592 /* LinkingItalianPilistsTests.swift */,
				8EB3E95A1EBA3C060042B592 /* Info.plist */,
			);
			path = LinkingItalianPilistsTests;
			sourceTree = "<group>";
		};
		8EB3E9621EBA3C060042B592 /* LinkingItalianPilistsUITests */ = {
			isa = PBXGroup;
			children = (
				8EB3E9631EBA3C060042B592 /* LinkingItalianPilistsUITests.swift */,
				8EB3E9651EBA3C060042B592 /* Info.plist */,
			);
			path = LinkingItalianPilistsUITests;
			sourceTree = "<group>";
		};
/* End PBXGroup section */

/* Begin PBXNativeTarget section */
		8EB3E93F1EBA3C060042B592 /* LinkingItalianPilists */ = {
			isa = PBXNativeTarget;
			buildConfigurationList = 8EB3E9681EBA3C060042B592 /* Build configuration list for PBXNativeTarget "LinkingItalianPilists" */;
			buildPhases = (
				8EB3E93C1EBA3C060042B592 /* Sources */,
				8EB3E93D1EBA3C060042B592 /* Frameworks */,
				8EB3E93E1EBA3C060042B592 /* Resources */,
			);
			buildRules = (
			);
			dependencies = (
			);
			name = LinkingItalianPilists;
			productName = LinkingItalianPilists;
			productReference = 8EB3E9401EBA3C060042B592 /* LinkingItalianPilists.app */;
			productType = "com.apple.product-type.application";
		};
		8EB3E9531EBA3C060042B592 /* LinkingItalianPilistsTests */ = {
			isa = PBXNativeTarget;
			buildConfigurationList = 8EB3E96B1EBA3C060042B592 /* Build configuration list for PBXNativeTarget "LinkingItalianPilistsTests" */;
			buildPhases = (
				8EB3E9501EBA3C060042B592 /* Sources */,
				8EB3E9511EBA3C060042B592 /* Frameworks */,
				8EB3E9521EBA3C060042B592 /* Resources */,
			);
			buildRules = (
			);
			dependencies = (
				8EB3E9561EBA3C060042B592 /* PBXTargetDependency */,
			);
			name = LinkingItalianPilistsTests;
			productName = LinkingItalianPilistsTests;
			productReference = 8EB3E9541EBA3C060042B592 /* LinkingItalianPilistsTests.xctest */;
			productType = "com.apple.product-type.bundle.unit-test";
		};
		8EB3E95E1EBA3C060042B592 /* LinkingItalianPilistsUITests */ = {
			isa = PBXNativeTarget;
			buildConfigurationList = 8EB3E96E1EBA3C060042B592 /* Build configuration list for PBXNativeTarget "LinkingItalianPilistsUITests" */;
			buildPhases = (
				8EB3E95B1EBA3C060042B592 /* Sources */,
				8EB3E95C1EBA3C060042B592 /* Frameworks */,
				8EB3E95D1EBA3C060042B592 /* Resources */,
			);
			buildRules = (
			);
			dependencies = (
				8EB3E9611EBA3C060042B592 /* PBXTargetDependency */,
			);
			name = LinkingItalianPilistsUITests;
			productName = LinkingItalianPilistsUITests;
			productReference = 8EB3E95F1EBA3C060042B592 /* LinkingItalianPilistsUITests.xctest */;
			productType = "com.apple.product-type.bundle.ui-testing";
		};
/* End PBXNativeTarget section */

/* Begin PBXProject section */
		8EB3E9381EBA3C060042B592 /* Project object */ = {
			isa = PBXProject;
			attributes = {
				LastSwiftUpdateCheck = 0830;
				LastUpgradeCheck = 0830;
				ORGANIZATIONNAME = "Normand Martin";
				TargetAttributes = {
					8EB3E93F1EBA3C060042B592 = {
						CreatedOnToolsVersion = 8.3.2;
						DevelopmentTeam = X6D769Z7F4;
						ProvisioningStyle = Automatic;
					};
					8EB3E9531EBA3C060042B592 = {
						CreatedOnToolsVersion = 8.3.2;
						DevelopmentTeam = X6D769Z7F4;
						ProvisioningStyle = Automatic;
						TestTargetID = 8EB3E93F1EBA3C060042B592;
					};
					8EB3E95E1EBA3C060042B592 = {
						CreatedOnToolsVersion = 8.3.2;
						DevelopmentTeam = X6D769Z7F4;
						ProvisioningStyle = Automatic;
						TestTargetID = 8EB3E93F1EBA3C060042B592;
					};
				};
			};
			buildConfigurationList = 8EB3E93B1EBA3C060042B592 /* Build configuration list for PBXProject "LinkingItalianPilists" */;
			compatibilityVersion = "Xcode 3.2";
			developmentRegion = English;
			hasScannedForEncodings = 0;
			knownRegions = (
				en,
				Base,
			);
			mainGroup = 8EB3E9371EBA3C060042B592;
			productRefGroup = 8EB3E9411EBA3C060042B592 /* Products */;
			projectDirPath = "";
			projectRoot = "";
			targets = (
				8EB3E93F1EBA3C060042B592 /* LinkingItalianPilists */,
				8EB3E9531EBA3C060042B592 /* LinkingItalianPilistsTests */,
				8EB3E95E1EBA3C060042B592 /* LinkingItalianPilistsUITests */,
			);
		};
/* End PBXProject section */

/* Begin PBXResourcesBuildPhase section */
		8EB3E93E1EBA3C060042B592 /* Resources */ = {
			isa = PBXResourcesBuildPhase;
			buildActionMask = 2147483647;
			files = (
				8EB3E94E1EBA3C060042B592 /* LaunchScreen.storyboard in Resources */,
				8EB3E94B1EBA3C060042B592 /* Assets.xcassets in Resources */,
				8EB3E9491EBA3C060042B592 /* Main.storyboard in Resources */,
				8EB3E9741EBA3C690042B592 /* ItalianVerbsList.plist in Resources */,
				8EB3E9721EBA3C5C0042B592 /* ItalianVerbsListSup.plist in Resources */,
			);
			runOnlyForDeploymentPostprocessing = 0;
		};
		8EB3E9521EBA3C060042B592 /* Resources */ = {
			isa = PBXResourcesBuildPhase;
			buildActionMask = 2147483647;
			files = (
			);
			runOnlyForDeploymentPostprocessing = 0;
		};
		8EB3E95D1EBA3C060042B592 /* Resources */ = {
			isa = PBXResourcesBuildPhase;
			buildActionMask = 2147483647;
			files = (
			);
			runOnlyForDeploymentPostprocessing = 0;
		};
/* End PBXResourcesBuildPhase section */

/* Begin PBXSourcesBuildPhase section */
		8EB3E93C1EBA3C060042B592 /* Sources */ = {
			isa = PBXSourcesBuildPhase;
			buildActionMask = 2147483647;
			files = (
				8EB3E9761EBA3F1C0042B592 /* plist.swift in Sources */,
				8EB3E9461EBA3C060042B592 /* ViewController.swift in Sources */,
				8EB3E9441EBA3C060042B592 /* AppDelegate.swift in Sources */,
			);
			runOnlyForDeploymentPostprocessing = 0;
		};
		8EB3E9501EBA3C060042B592 /* Sources */ = {
			isa = PBXSourcesBuildPhase;
			buildActionMask = 2147483647;
			files = (
				8EB3E9591EBA3C060042B592 /* LinkingItalianPilistsTests.swift in Sources */,
			);
			runOnlyForDeploymentPostprocessing = 0;
		};
		8EB3E95B1EBA3C060042B592 /* Sources */ = {
			isa = PBXSourcesBuildPhase;
			buildActionMask = 2147483647;
			files = (
				8EB3E9641EBA3C060042B592 /* LinkingItalianPilistsUITests.swift in Sources */,
			);
			runOnlyForDeploymentPostprocessing = 0;
		};
/* End PBXSourcesBuildPhase section */

/* Begin PBXTargetDependency section */
		8EB3E9561EBA3C060042B592 /* PBXTargetDependency */ = {
			isa = PBXTargetDependency;
			target = 8EB3E93F1EBA3C060042B592 /* LinkingItalianPilists */;
			targetProxy = 8EB3E9551EBA3C060042B592 /* PBXContainerItemProxy */;
		};
		8EB3E9611EBA3C060042B592 /* PBXTargetDependency */ = {
			isa = PBXTargetDependency;
			target = 8EB3E93F1EBA3C060042B592 /* LinkingItalianPilists */;
			targetProxy = 8EB3E9601EBA3C060042B592 /* PBXContainerItemProxy */;
		};
/* End PBXTargetDependency section */

/* Begin PBXVariantGroup section */
		8EB3E9471EBA3C060042B592 /* Main.storyboard */ = {
			isa = PBXVariantGroup;
			children = (
				8EB3E9481EBA3C060042B592 /* Base */,
			);
			name = Main.storyboard;
			sourceTree = "<group>";
		};
		8EB3E94C1EBA3C060042B592 /* LaunchScreen.storyboard */ = {
			isa = PBXVariantGroup;
			children = (
				8EB3E94D1EBA3C060042B592 /* Base */,
			);
			name = LaunchScreen.storyboard;
			sourceTree = "<group>";
		};
/* End PBXVariantGroup section */

/* Begin XCBuildConfiguration section */
		8EB3E9661EBA3C060042B592 /* Debug */ = {
			isa = XCBuildConfiguration;
			buildSettings = {
				ALWAYS_SEARCH_USER_PATHS = NO;
				CLANG_ANALYZER_NONNULL = YES;
				CLANG_ANALYZER_NUMBER_OBJECT_CONVERSION = YES_AGGRESSIVE;
				CLANG_CXX_LANGUAGE_STANDARD = "gnu++0x";
				CLANG_CXX_LIBRARY = "libc++";
				CLANG_ENABLE_MODULES = YES;
				CLANG_ENABLE_OBJC_ARC = YES;
				CLANG_WARN_BOOL_CONVERSION = YES;
				CLANG_WARN_CONSTANT_CONVERSION = YES;
				CLANG_WARN_DIRECT_OBJC_ISA_USAGE = YES_ERROR;
				CLANG_WARN_DOCUMENTATION_COMMENTS = YES;
				CLANG_WARN_EMPTY_BODY = YES;
				CLANG_WARN_ENUM_CONVERSION = YES;
				CLANG_WARN_INFINITE_RECURSION = YES;
				CLANG_WARN_INT_CONVERSION = YES;
				CLANG_WARN_OBJC_ROOT_CLASS = YES_ERROR;
				CLANG_WARN_SUSPICIOUS_MOVE = YES;
				CLANG_WARN_UNREACHABLE_CODE = YES;
				CLANG_WARN__DUPLICATE_METHOD_MATCH = YES;
				"CODE_SIGN_IDENTITY[sdk=iphoneos*]" = "iPhone Developer";
				COPY_PHASE_STRIP = NO;
				DEBUG_INFORMATION_FORMAT = dwarf;
				ENABLE_STRICT_OBJC_MSGSEND = YES;
				ENABLE_TESTABILITY = YES;
				GCC_C_LANGUAGE_STANDARD = gnu99;
				GCC_DYNAMIC_NO_PIC = NO;
				GCC_NO_COMMON_BLOCKS = YES;
				GCC_OPTIMIZATION_LEVEL = 0;
				GCC_PREPROCESSOR_DEFINITIONS = (
					"DEBUG=1",
					"$(inherited)",
				);
				GCC_WARN_64_TO_32_BIT_CONVERSION = YES;
				GCC_WARN_ABOUT_RETURN_TYPE = YES_ERROR;
				GCC_WARN_UNDECLARED_SELECTOR = YES;
				GCC_WARN_UNINITIALIZED_AUTOS = YES_AGGRESSIVE;
				GCC_WARN_UNUSED_FUNCTION = YES;
				GCC_WARN_UNUSED_VARIABLE = YES;
				IPHONEOS_DEPLOYMENT_TARGET = 10.3;
				MTL_ENABLE_DEBUG_INFO = YES;
				ONLY_ACTIVE_ARCH = YES;
				SDKROOT = iphoneos;
				SWIFT_ACTIVE_COMPILATION_CONDITIONS = DEBUG;
				SWIFT_OPTIMIZATION_LEVEL = "-Onone";
				TARGETED_DEVICE_FAMILY = "1,2";
			};
			name = Debug;
		};
		8EB3E9671EBA3C060042B592 /* Release */ = {
			isa = XCBuildConfiguration;
			buildSettings = {
				ALWAYS_SEARCH_USER_PATHS = NO;
				CLANG_ANALYZER_NONNULL = YES;
				CLANG_ANALYZER_NUMBER_OBJECT_CONVERSION = YES_AGGRESSIVE;
				CLANG_CXX_LANGUAGE_STANDARD = "gnu++0x";
				CLANG_CXX_LIBRARY = "libc++";
				CLANG_ENABLE_MODULES = YES;
				CLANG_ENABLE_OBJC_ARC = YES;
				CLANG_WARN_BOOL_CONVERSION = YES;
				CLANG_WARN_CONSTANT_CONVERSION = YES;
				CLANG_WARN_DIRECT_OBJC_ISA_USAGE = YES_ERROR;
				CLANG_WARN_DOCUMENTATION_COMMENTS = YES;
				CLANG_WARN_EMPTY_BODY = YES;
				CLANG_WARN_ENUM_CONVERSION = YES;
				CLANG_WARN_INFINITE_RECURSION = YES;
				CLANG_WARN_INT_CONVERSION = YES;
				CLANG_WARN_OBJC_ROOT_CLASS = YES_ERROR;
				CLANG_WARN_SUSPICIOUS_MOVE = YES;
				CLANG_WARN_UNREACHABLE_CODE = YES;
				CLANG_WARN__DUPLICATE_METHOD_MATCH = YES;
				"CODE_SIGN_IDENTITY[sdk=iphoneos*]" = "iPhone Developer";
				COPY_PHASE_STRIP = NO;
				DEBUG_INFORMATION_FORMAT = "dwarf-with-dsym";
				ENABLE_NS_ASSERTIONS = NO;
				ENABLE_STRICT_OBJC_MSGSEND = YES;
				GCC_C_LANGUAGE_STANDARD = gnu99;
				GCC_NO_COMMON_BLOCKS = YES;
				GCC_WARN_64_TO_32_BIT_CONVERSION = YES;
				GCC_WARN_ABOUT_RETURN_TYPE = YES_ERROR;
				GCC_WARN_UNDECLARED_SELECTOR = YES;
				GCC_WARN_UNINITIALIZED_AUTOS = YES_AGGRESSIVE;
				GCC_WARN_UNUSED_FUNCTION = YES;
				GCC_WARN_UNUSED_VARIABLE = YES;
				IPHONEOS_DEPLOYMENT_TARGET = 10.3;
				MTL_ENABLE_DEBUG_INFO = NO;
				SDKROOT = iphoneos;
				SWIFT_OPTIMIZATION_LEVEL = "-Owholemodule";
				TARGETED_DEVICE_FAMILY = "1,2";
				VALIDATE_PRODUCT = YES;
			};
			name = Release;
		};
		8EB3E9691EBA3C060042B592 /* Debug */ = {
			isa = XCBuildConfiguration;
			buildSettings = {
				ASSETCATALOG_COMPILER_APPICON_NAME = AppIcon;
				DEVELOPMENT_TEAM = X6D769Z7F4;
				INFOPLIST_FILE = LinkingItalianPilists/Info.plist;
				LD_RUNPATH_SEARCH_PATHS = "$(inherited) @executable_path/Frameworks";
				PRODUCT_BUNDLE_IDENTIFIER = NM.LinkingItalianPilists;
				PRODUCT_NAME = "$(TARGET_NAME)";
				SWIFT_VERSION = 3.0;
			};
			name = Debug;
		};
		8EB3E96A1EBA3C060042B592 /* Release */ = {
			isa = XCBuildConfiguration;
			buildSettings = {
				ASSETCATALOG_COMPILER_APPICON_NAME = AppIcon;
				DEVELOPMENT_TEAM = X6D769Z7F4;
				INFOPLIST_FILE = LinkingItalianPilists/Info.plist;
				LD_RUNPATH_SEARCH_PATHS = "$(inherited) @executable_path/Frameworks";
				PRODUCT_BUNDLE_IDENTIFIER = NM.LinkingItalianPilists;
				PRODUCT_NAME = "$(TARGET_NAME)";
				SWIFT_VERSION = 3.0;
			};
			name = Release;
		};
		8EB3E96C1EBA3C060042B592 /* Debug */ = {
			isa = XCBuildConfiguration;
			buildSettings = {
				ALWAYS_EMBED_SWIFT_STANDARD_LIBRARIES = YES;
				BUNDLE_LOADER = "$(TEST_HOST)";
				DEVELOPMENT_TEAM = X6D769Z7F4;
				INFOPLIST_FILE = LinkingItalianPilistsTests/Info.plist;
				LD_RUNPATH_SEARCH_PATHS = "$(inherited) @executable_path/Frameworks @loader_path/Frameworks";
				PRODUCT_BUNDLE_IDENTIFIER = NM.LinkingItalianPilistsTests;
				PRODUCT_NAME = "$(TARGET_NAME)";
				SWIFT_VERSION = 3.0;
				TEST_HOST = "$(BUILT_PRODUCTS_DIR)/LinkingItalianPilists.app/LinkingItalianPilists";
			};
			name = Debug;
		};
		8EB3E96D1EBA3C060042B592 /* Release */ = {
			isa = XCBuildConfiguration;
			buildSettings = {
				ALWAYS_EMBED_SWIFT_STANDARD_LIBRARIES = YES;
				BUNDLE_LOADER = "$(TEST_HOST)";
				DEVELOPMENT_TEAM = X6D769Z7F4;
				INFOPLIST_FILE = LinkingItalianPilistsTests/Info.plist;
				LD_RUNPATH_SEARCH_PATHS = "$(inherited) @executable_path/Frameworks @loader_path/Frameworks";
				PRODUCT_BUNDLE_IDENTIFIER = NM.LinkingItalianPilistsTests;
				PRODUCT_NAME = "$(TARGET_NAME)";
				SWIFT_VERSION = 3.0;
				TEST_HOST = "$(BUILT_PRODUCTS_DIR)/LinkingItalianPilists.app/LinkingItalianPilists";
			};
			name = Release;
		};
		8EB3E96F1EBA3C060042B592 /* Debug */ = {
			isa = XCBuildConfiguration;
			buildSettings = {
				ALWAYS_EMBED_SWIFT_STANDARD_LIBRARIES = YES;
				DEVELOPMENT_TEAM = X6D769Z7F4;
				INFOPLIST_FILE = LinkingItalianPilistsUITests/Info.plist;
				LD_RUNPATH_SEARCH_PATHS = "$(inherited) @executable_path/Frameworks @loader_path/Frameworks";
				PRODUCT_BUNDLE_IDENTIFIER = NM.LinkingItalianPilistsUITests;
				PRODUCT_NAME = "$(TARGET_NAME)";
				SWIFT_VERSION = 3.0;
				TEST_TARGET_NAME = LinkingItalianPilists;
			};
			name = Debug;
		};
		8EB3E9701EBA3C060042B592 /* Release */ = {
			isa = XCBuildConfiguration;
			buildSettings = {
				ALWAYS_EMBED_SWIFT_STANDARD_LIBRARIES = YES;
				DEVELOPMENT_TEAM = X6D769Z7F4;
				INFOPLIST_FILE = LinkingItalianPilistsUITests/Info.plist;
				LD_RUNPATH_SEARCH_PATHS = "$(inherited) @executable_path/Frameworks @loader_path/Frameworks";
				PRODUCT_BUNDLE_IDENTIFIER = NM.LinkingItalianPilistsUITests;
				PRODUCT_NAME = "$(TARGET_NAME)";
				SWIFT_VERSION = 3.0;
				TEST_TARGET_NAME = LinkingItalianPilists;
			};
			name = Release;
		};
/* End XCBuildConfiguration section */

/* Begin XCConfigurationList section */
		8EB3E93B1EBA3C060042B592 /* Build configuration list for PBXProject "LinkingItalianPilists" */ = {
			isa = XCConfigurationList;
			buildConfigurations = (
				8EB3E9661EBA3C060042B592 /* Debug */,
				8EB3E9671EBA3C060042B592 /* Release */,
			);
			defaultConfigurationIsVisible = 0;
			defaultConfigurationName = Release;
		};
		8EB3E9681EBA3C060042B592 /* Build configuration list for PBXNativeTarget "LinkingItalianPilists" */ = {
			isa = XCConfigurationList;
			buildConfigurations = (
				8EB3E9691EBA3C060042B592 /* Debug */,
				8EB3E96A1EBA3C060042B592 /* Release */,
			);
			defaultConfigurationIsVisible = 0;
		};
		8EB3E96B1EBA3C060042B592 /* Build configuration list for PBXNativeTarget "LinkingItalianPilistsTests" */ = {
			isa = XCConfigurationList;
			buildConfigurations = (
				8EB3E96C1EBA3C060042B592 /* Debug */,
				8EB3E96D1EBA3C060042B592 /* Release */,
			);
			defaultConfigurationIsVisible = 0;
		};
		8EB3E96E1EBA3C060042B592 /* Build configuration list for PBXNativeTarget "LinkingItalianPilistsUITests" */ = {
			isa = XCConfigurationList;
			buildConfigurations = (
				8EB3E96F1EBA3C060042B592 /* Debug */,
				8EB3E9701EBA3C060042B592 /* Release */,
			);
			defaultConfigurationIsVisible = 0;
		};
/* End XCConfigurationList section */
	};
	rootObject = 8EB3E9381EBA3C060042B592 /* Project object */;
}
