// !$*UTF8*$!
{
	archiveVersion = 1;
	classes = {
	};
	objectVersion = 48;
	objects = {

/* Begin PBXBuildFile section */
		8E7C6B69200D1C2500268BA6 /* AppDelegate.swift in Sources */ = {isa = PBXBuildFile; fileRef = 8E7C6B68200D1C2500268BA6 /* AppDelegate.swift */; };
		8E7C6B6E200D1C2500268BA6 /* Main.storyboard in Resources */ = {isa = PBXBuildFile; fileRef = 8E7C6B6C200D1C2500268BA6 /* Main.storyboard */; };
		8E7C6B71200D1C2500268BA6 /* VisualTrials.xcdatamodeld in Sources */ = {isa = PBXBuildFile; fileRef = 8E7C6B6F200D1C2500268BA6 /* VisualTrials.xcdatamodeld */; };
		8E7C6B73200D1C2500268BA6 /* Assets.xcassets in Resources */ = {isa = PBXBuildFile; fileRef = 8E7C6B72200D1C2500268BA6 /* Assets.xcassets */; };
		8E7C6B76200D1C2500268BA6 /* LaunchScreen.storyboard in Resources */ = {isa = PBXBuildFile; fileRef = 8E7C6B74200D1C2500268BA6 /* LaunchScreen.storyboard */; };
		8E7C6B81200D1C2500268BA6 /* VisualTrialsTests.swift in Sources */ = {isa = PBXBuildFile; fileRef = 8E7C6B80200D1C2500268BA6 /* VisualTrialsTests.swift */; };
		8E7C6B8C200D1C2500268BA6 /* VisualTrialsUITests.swift in Sources */ = {isa = PBXBuildFile; fileRef = 8E7C6B8B200D1C2500268BA6 /* VisualTrialsUITests.swift */; };
		8E7C6B9A200D37FD00268BA6 /* TestViewController.swift in Sources */ = {isa = PBXBuildFile; fileRef = 8E7C6B99200D37FD00268BA6 /* TestViewController.swift */; };
/* End PBXBuildFile section */

/* Begin PBXContainerItemProxy section */
		8E7C6B7D200D1C2500268BA6 /* PBXContainerItemProxy */ = {
			isa = PBXContainerItemProxy;
			containerPortal = 8E7C6B5D200D1C2500268BA6 /* Project object */;
			proxyType = 1;
			remoteGlobalIDString = 8E7C6B64200D1C2500268BA6;
			remoteInfo = VisualTrials;
		};
		8E7C6B88200D1C2500268BA6 /* PBXContainerItemProxy */ = {
			isa = PBXContainerItemProxy;
			containerPortal = 8E7C6B5D200D1C2500268BA6 /* Project object */;
			proxyType = 1;
			remoteGlobalIDString = 8E7C6B64200D1C2500268BA6;
			remoteInfo = VisualTrials;
		};
/* End PBXContainerItemProxy section */

/* Begin PBXFileReference section */
		8E7C6B65200D1C2500268BA6 /* VisualTrials.app */ = {isa = PBXFileReference; explicitFileType = wrapper.application; includeInIndex = 0; path = VisualTrials.app; sourceTree = BUILT_PRODUCTS_DIR; };
		8E7C6B68200D1C2500268BA6 /* AppDelegate.swift */ = {isa = PBXFileReference; lastKnownFileType = sourcecode.swift; path = AppDelegate.swift; sourceTree = "<group>"; };
		8E7C6B6D200D1C2500268BA6 /* Base */ = {isa = PBXFileReference; lastKnownFileType = file.storyboard; name = Base; path = Base.lproj/Main.storyboard; sourceTree = "<group>"; };
		8E7C6B70200D1C2500268BA6 /* VisualTrials.xcdatamodel */ = {isa = PBXFileReference; lastKnownFileType = wrapper.xcdatamodel; path = VisualTrials.xcdatamodel; sourceTree = "<group>"; };
		8E7C6B72200D1C2500268BA6 /* Assets.xcassets */ = {isa = PBXFileReference; lastKnownFileType = folder.assetcatalog; path = Assets.xcassets; sourceTree = "<group>"; };
		8E7C6B75200D1C2500268BA6 /* Base */ = {isa = PBXFileReference; lastKnownFileType = file.storyboard; name = Base; path = Base.lproj/LaunchScreen.storyboard; sourceTree = "<group>"; };
		8E7C6B77200D1C2500268BA6 /* Info.plist */ = {isa = PBXFileReference; lastKnownFileType = text.plist.xml; path = Info.plist; sourceTree = "<group>"; };
		8E7C6B7C200D1C2500268BA6 /* VisualTrialsTests.xctest */ = {isa = PBXFileReference; explicitFileType = wrapper.cfbundle; includeInIndex = 0; path = VisualTrialsTests.xctest; sourceTree = BUILT_PRODUCTS_DIR; };
		8E7C6B80200D1C2500268BA6 /* VisualTrialsTests.swift */ = {isa = PBXFileReference; lastKnownFileType = sourcecode.swift; path = VisualTrialsTests.swift; sourceTree = "<group>"; };
		8E7C6B82200D1C2500268BA6 /* Info.plist */ = {isa = PBXFileReference; lastKnownFileType = text.plist.xml; path = Info.plist; sourceTree = "<group>"; };
		8E7C6B87200D1C2500268BA6 /* VisualTrialsUITests.xctest */ = {isa = PBXFileReference; explicitFileType = wrapper.cfbundle; includeInIndex = 0; path = VisualTrialsUITests.xctest; sourceTree = BUILT_PRODUCTS_DIR; };
		8E7C6B8B200D1C2500268BA6 /* VisualTrialsUITests.swift */ = {isa = PBXFileReference; lastKnownFileType = sourcecode.swift; path = VisualTrialsUITests.swift; sourceTree = "<group>"; };
		8E7C6B8D200D1C2500268BA6 /* Info.plist */ = {isa = PBXFileReference; lastKnownFileType = text.plist.xml; path = Info.plist; sourceTree = "<group>"; };
		8E7C6B99200D37FD00268BA6 /* TestViewController.swift */ = {isa = PBXFileReference; lastKnownFileType = sourcecode.swift; path = TestViewController.swift; sourceTree = "<group>"; };
/* End PBXFileReference section */

/* Begin PBXFrameworksBuildPhase section */
		8E7C6B62200D1C2500268BA6 /* Frameworks */ = {
			isa = PBXFrameworksBuildPhase;
			buildActionMask = 2147483647;
			files = (
			);
			runOnlyForDeploymentPostprocessing = 0;
		};
		8E7C6B79200D1C2500268BA6 /* Frameworks */ = {
			isa = PBXFrameworksBuildPhase;
			buildActionMask = 2147483647;
			files = (
			);
			runOnlyForDeploymentPostprocessing = 0;
		};
		8E7C6B84200D1C2500268BA6 /* Frameworks */ = {
			isa = PBXFrameworksBuildPhase;
			buildActionMask = 2147483647;
			files = (
			);
			runOnlyForDeploymentPostprocessing = 0;
		};
/* End PBXFrameworksBuildPhase section */

/* Begin PBXGroup section */
		8E7C6B5C200D1C2500268BA6 = {
			isa = PBXGroup;
			children = (
				8E7C6B67200D1C2500268BA6 /* VisualTrials */,
				8E7C6B7F200D1C2500268BA6 /* VisualTrialsTests */,
				8E7C6B8A200D1C2500268BA6 /* VisualTrialsUITests */,
				8E7C6B66200D1C2500268BA6 /* Products */,
			);
			sourceTree = "<group>";
		};
		8E7C6B66200D1C2500268BA6 /* Products */ = {
			isa = PBXGroup;
			children = (
				8E7C6B65200D1C2500268BA6 /* VisualTrials.app */,
				8E7C6B7C200D1C2500268BA6 /* VisualTrialsTests.xctest */,
				8E7C6B87200D1C2500268BA6 /* VisualTrialsUITests.xctest */,
			);
			name = Products;
			sourceTree = "<group>";
		};
		8E7C6B67200D1C2500268BA6 /* VisualTrials */ = {
			isa = PBXGroup;
			children = (
				8E7C6B68200D1C2500268BA6 /* AppDelegate.swift */,
				8E7C6B99200D37FD00268BA6 /* TestViewController.swift */,
				8E7C6B6C200D1C2500268BA6 /* Main.storyboard */,
				8E7C6B72200D1C2500268BA6 /* Assets.xcassets */,
				8E7C6B74200D1C2500268BA6 /* LaunchScreen.storyboard */,
				8E7C6B77200D1C2500268BA6 /* Info.plist */,
				8E7C6B6F200D1C2500268BA6 /* VisualTrials.xcdatamodeld */,
			);
			path = VisualTrials;
			sourceTree = "<group>";
		};
		8E7C6B7F200D1C2500268BA6 /* VisualTrialsTests */ = {
			isa = PBXGroup;
			children = (
				8E7C6B80200D1C2500268BA6 /* VisualTrialsTests.swift */,
				8E7C6B82200D1C2500268BA6 /* Info.plist */,
			);
			path = VisualTrialsTests;
			sourceTree = "<group>";
		};
		8E7C6B8A200D1C2500268BA6 /* VisualTrialsUITests */ = {
			isa = PBXGroup;
			children = (
				8E7C6B8B200D1C2500268BA6 /* VisualTrialsUITests.swift */,
				8E7C6B8D200D1C2500268BA6 /* Info.plist */,
			);
			path = VisualTrialsUITests;
			sourceTree = "<group>";
		};
/* End PBXGroup section */

/* Begin PBXNativeTarget section */
		8E7C6B64200D1C2500268BA6 /* VisualTrials */ = {
			isa = PBXNativeTarget;
			buildConfigurationList = 8E7C6B90200D1C2500268BA6 /* Build configuration list for PBXNativeTarget "VisualTrials" */;
			buildPhases = (
				8E7C6B61200D1C2500268BA6 /* Sources */,
				8E7C6B62200D1C2500268BA6 /* Frameworks */,
				8E7C6B63200D1C2500268BA6 /* Resources */,
			);
			buildRules = (
			);
			dependencies = (
			);
			name = VisualTrials;
			productName = VisualTrials;
			productReference = 8E7C6B65200D1C2500268BA6 /* VisualTrials.app */;
			productType = "com.apple.product-type.application";
		};
		8E7C6B7B200D1C2500268BA6 /* VisualTrialsTests */ = {
			isa = PBXNativeTarget;
			buildConfigurationList = 8E7C6B93200D1C2500268BA6 /* Build configuration list for PBXNativeTarget "VisualTrialsTests" */;
			buildPhases = (
				8E7C6B78200D1C2500268BA6 /* Sources */,
				8E7C6B79200D1C2500268BA6 /* Frameworks */,
				8E7C6B7A200D1C2500268BA6 /* Resources */,
			);
			buildRules = (
			);
			dependencies = (
				8E7C6B7E200D1C2500268BA6 /* PBXTargetDependency */,
			);
			name = VisualTrialsTests;
			productName = VisualTrialsTests;
			productReference = 8E7C6B7C200D1C2500268BA6 /* VisualTrialsTests.xctest */;
			productType = "com.apple.product-type.bundle.unit-test";
		};
		8E7C6B86200D1C2500268BA6 /* VisualTrialsUITests */ = {
			isa = PBXNativeTarget;
			buildConfigurationList = 8E7C6B96200D1C2500268BA6 /* Build configuration list for PBXNativeTarget "VisualTrialsUITests" */;
			buildPhases = (
				8E7C6B83200D1C2500268BA6 /* Sources */,
				8E7C6B84200D1C2500268BA6 /* Frameworks */,
				8E7C6B85200D1C2500268BA6 /* Resources */,
			);
			buildRules = (
			);
			dependencies = (
				8E7C6B89200D1C2500268BA6 /* PBXTargetDependency */,
			);
			name = VisualTrialsUITests;
			productName = VisualTrialsUITests;
			productReference = 8E7C6B87200D1C2500268BA6 /* VisualTrialsUITests.xctest */;
			productType = "com.apple.product-type.bundle.ui-testing";
		};
/* End PBXNativeTarget section */

/* Begin PBXProject section */
		8E7C6B5D200D1C2500268BA6 /* Project object */ = {
			isa = PBXProject;
			attributes = {
				LastSwiftUpdateCheck = 0920;
				LastUpgradeCheck = 0920;
				ORGANIZATIONNAME = "Normand Martin";
				TargetAttributes = {
					8E7C6B64200D1C2500268BA6 = {
						CreatedOnToolsVersion = 9.2;
						ProvisioningStyle = Automatic;
					};
					8E7C6B7B200D1C2500268BA6 = {
						CreatedOnToolsVersion = 9.2;
						ProvisioningStyle = Automatic;
						TestTargetID = 8E7C6B64200D1C2500268BA6;
					};
					8E7C6B86200D1C2500268BA6 = {
						CreatedOnToolsVersion = 9.2;
						ProvisioningStyle = Automatic;
						TestTargetID = 8E7C6B64200D1C2500268BA6;
					};
				};
			};
			buildConfigurationList = 8E7C6B60200D1C2500268BA6 /* Build configuration list for PBXProject "VisualTrials" */;
			compatibilityVersion = "Xcode 8.0";
			developmentRegion = en;
			hasScannedForEncodings = 0;
			knownRegions = (
				en,
				Base,
			);
			mainGroup = 8E7C6B5C200D1C2500268BA6;
			productRefGroup = 8E7C6B66200D1C2500268BA6 /* Products */;
			projectDirPath = "";
			projectRoot = "";
			targets = (
				8E7C6B64200D1C2500268BA6 /* VisualTrials */,
				8E7C6B7B200D1C2500268BA6 /* VisualTrialsTests */,
				8E7C6B86200D1C2500268BA6 /* VisualTrialsUITests */,
			);
		};
/* End PBXProject section */

/* Begin PBXResourcesBuildPhase section */
		8E7C6B63200D1C2500268BA6 /* Resources */ = {
			isa = PBXResourcesBuildPhase;
			buildActionMask = 2147483647;
			files = (
				8E7C6B76200D1C2500268BA6 /* LaunchScreen.storyboard in Resources */,
				8E7C6B73200D1C2500268BA6 /* Assets.xcassets in Resources */,
				8E7C6B6E200D1C2500268BA6 /* Main.storyboard in Resources */,
			);
			runOnlyForDeploymentPostprocessing = 0;
		};
		8E7C6B7A200D1C2500268BA6 /* Resources */ = {
			isa = PBXResourcesBuildPhase;
			buildActionMask = 2147483647;
			files = (
			);
			runOnlyForDeploymentPostprocessing = 0;
		};
		8E7C6B85200D1C2500268BA6 /* Resources */ = {
			isa = PBXResourcesBuildPhase;
			buildActionMask = 2147483647;
			files = (
			);
			runOnlyForDeploymentPostprocessing = 0;
		};
/* End PBXResourcesBuildPhase section */

/* Begin PBXSourcesBuildPhase section */
		8E7C6B61200D1C2500268BA6 /* Sources */ = {
			isa = PBXSourcesBuildPhase;
			buildActionMask = 2147483647;
			files = (
				8E7C6B69200D1C2500268BA6 /* AppDelegate.swift in Sources */,
				8E7C6B9A200D37FD00268BA6 /* TestViewController.swift in Sources */,
				8E7C6B71200D1C2500268BA6 /* VisualTrials.xcdatamodeld in Sources */,
			);
			runOnlyForDeploymentPostprocessing = 0;
		};
		8E7C6B78200D1C2500268BA6 /* Sources */ = {
			isa = PBXSourcesBuildPhase;
			buildActionMask = 2147483647;
			files = (
				8E7C6B81200D1C2500268BA6 /* VisualTrialsTests.swift in Sources */,
			);
			runOnlyForDeploymentPostprocessing = 0;
		};
		8E7C6B83200D1C2500268BA6 /* Sources */ = {
			isa = PBXSourcesBuildPhase;
			buildActionMask = 2147483647;
			files = (
				8E7C6B8C200D1C2500268BA6 /* VisualTrialsUITests.swift in Sources */,
			);
			runOnlyForDeploymentPostprocessing = 0;
		};
/* End PBXSourcesBuildPhase section */

/* Begin PBXTargetDependency section */
		8E7C6B7E200D1C2500268BA6 /* PBXTargetDependency */ = {
			isa = PBXTargetDependency;
			target = 8E7C6B64200D1C2500268BA6 /* VisualTrials */;
			targetProxy = 8E7C6B7D200D1C2500268BA6 /* PBXContainerItemProxy */;
		};
		8E7C6B89200D1C2500268BA6 /* PBXTargetDependency */ = {
			isa = PBXTargetDependency;
			target = 8E7C6B64200D1C2500268BA6 /* VisualTrials */;
			targetProxy = 8E7C6B88200D1C2500268BA6 /* PBXContainerItemProxy */;
		};
/* End PBXTargetDependency section */

/* Begin PBXVariantGroup section */
		8E7C6B6C200D1C2500268BA6 /* Main.storyboard */ = {
			isa = PBXVariantGroup;
			children = (
				8E7C6B6D200D1C2500268BA6 /* Base */,
			);
			name = Main.storyboard;
			sourceTree = "<group>";
		};
		8E7C6B74200D1C2500268BA6 /* LaunchScreen.storyboard */ = {
			isa = PBXVariantGroup;
			children = (
				8E7C6B75200D1C2500268BA6 /* Base */,
			);
			name = LaunchScreen.storyboard;
			sourceTree = "<group>";
		};
/* End PBXVariantGroup section */

/* Begin XCBuildConfiguration section */
		8E7C6B8E200D1C2500268BA6 /* Debug */ = {
			isa = XCBuildConfiguration;
			buildSettings = {
				ALWAYS_SEARCH_USER_PATHS = NO;
				CLANG_ANALYZER_NONNULL = YES;
				CLANG_ANALYZER_NUMBER_OBJECT_CONVERSION = YES_AGGRESSIVE;
				CLANG_CXX_LANGUAGE_STANDARD = "gnu++14";
				CLANG_CXX_LIBRARY = "libc++";
				CLANG_ENABLE_MODULES = YES;
				CLANG_ENABLE_OBJC_ARC = YES;
				CLANG_WARN_BLOCK_CAPTURE_AUTORELEASING = YES;
				CLANG_WARN_BOOL_CONVERSION = YES;
				CLANG_WARN_COMMA = YES;
				CLANG_WARN_CONSTANT_CONVERSION = YES;
				CLANG_WARN_DIRECT_OBJC_ISA_USAGE = YES_ERROR;
				CLANG_WARN_DOCUMENTATION_COMMENTS = YES;
				CLANG_WARN_EMPTY_BODY = YES;
				CLANG_WARN_ENUM_CONVERSION = YES;
				CLANG_WARN_INFINITE_RECURSION = YES;
				CLANG_WARN_INT_CONVERSION = YES;
				CLANG_WARN_NON_LITERAL_NULL_CONVERSION = YES;
				CLANG_WARN_OBJC_LITERAL_CONVERSION = YES;
				CLANG_WARN_OBJC_ROOT_CLASS = YES_ERROR;
				CLANG_WARN_RANGE_LOOP_ANALYSIS = YES;
				CLANG_WARN_STRICT_PROTOTYPES = YES;
				CLANG_WARN_SUSPICIOUS_MOVE = YES;
				CLANG_WARN_UNGUARDED_AVAILABILITY = YES_AGGRESSIVE;
				CLANG_WARN_UNREACHABLE_CODE = YES;
				CLANG_WARN__DUPLICATE_METHOD_MATCH = YES;
				CODE_SIGN_IDENTITY = "iPhone Developer";
				COPY_PHASE_STRIP = NO;
				DEBUG_INFORMATION_FORMAT = dwarf;
				ENABLE_STRICT_OBJC_MSGSEND = YES;
				ENABLE_TESTABILITY = YES;
				GCC_C_LANGUAGE_STANDARD = gnu11;
				GCC_DYNAMIC_NO_PIC = NO;
				GCC_NO_COMMON_BLOCKS = YES;
				GCC_OPTIMIZATION_LEVEL = 0;
				GCC_PREPROCESSOR_DEFINITIONS = (
					"DEBUG=1",
					"$(inherited)",
				);
				GCC_WARN_64_TO_32_BIT_CONVERSION = YES;
				GCC_WARN_ABOUT_RETURN_TYPE = YES_ERROR;
				GCC_WARN_UNDECLARED_SELECTOR = YES;
				GCC_WARN_UNINITIALIZED_AUTOS = YES_AGGRESSIVE;
				GCC_WARN_UNUSED_FUNCTION = YES;
				GCC_WARN_UNUSED_VARIABLE = YES;
				IPHONEOS_DEPLOYMENT_TARGET = 11.2;
				MTL_ENABLE_DEBUG_INFO = YES;
				ONLY_ACTIVE_ARCH = YES;
				SDKROOT = iphoneos;
				SWIFT_ACTIVE_COMPILATION_CONDITIONS = DEBUG;
				SWIFT_OPTIMIZATION_LEVEL = "-Onone";
			};
			name = Debug;
		};
		8E7C6B8F200D1C2500268BA6 /* Release */ = {
			isa = XCBuildConfiguration;
			buildSettings = {
				ALWAYS_SEARCH_USER_PATHS = NO;
				CLANG_ANALYZER_NONNULL = YES;
				CLANG_ANALYZER_NUMBER_OBJECT_CONVERSION = YES_AGGRESSIVE;
				CLANG_CXX_LANGUAGE_STANDARD = "gnu++14";
				CLANG_CXX_LIBRARY = "libc++";
				CLANG_ENABLE_MODULES = YES;
				CLANG_ENABLE_OBJC_ARC = YES;
				CLANG_WARN_BLOCK_CAPTURE_AUTORELEASING = YES;
				CLANG_WARN_BOOL_CONVERSION = YES;
				CLANG_WARN_COMMA = YES;
				CLANG_WARN_CONSTANT_CONVERSION = YES;
				CLANG_WARN_DIRECT_OBJC_ISA_USAGE = YES_ERROR;
				CLANG_WARN_DOCUMENTATION_COMMENTS = YES;
				CLANG_WARN_EMPTY_BODY = YES;
				CLANG_WARN_ENUM_CONVERSION = YES;
				CLANG_WARN_INFINITE_RECURSION = YES;
				CLANG_WARN_INT_CONVERSION = YES;
				CLANG_WARN_NON_LITERAL_NULL_CONVERSION = YES;
				CLANG_WARN_OBJC_LITERAL_CONVERSION = YES;
				CLANG_WARN_OBJC_ROOT_CLASS = YES_ERROR;
				CLANG_WARN_RANGE_LOOP_ANALYSIS = YES;
				CLANG_WARN_STRICT_PROTOTYPES = YES;
				CLANG_WARN_SUSPICIOUS_MOVE = YES;
				CLANG_WARN_UNGUARDED_AVAILABILITY = YES_AGGRESSIVE;
				CLANG_WARN_UNREACHABLE_CODE = YES;
				CLANG_WARN__DUPLICATE_METHOD_MATCH = YES;
				CODE_SIGN_IDENTITY = "iPhone Developer";
				COPY_PHASE_STRIP = NO;
				DEBUG_INFORMATION_FORMAT = "dwarf-with-dsym";
				ENABLE_NS_ASSERTIONS = NO;
				ENABLE_STRICT_OBJC_MSGSEND = YES;
				GCC_C_LANGUAGE_STANDARD = gnu11;
				GCC_NO_COMMON_BLOCKS = YES;
				GCC_WARN_64_TO_32_BIT_CONVERSION = YES;
				GCC_WARN_ABOUT_RETURN_TYPE = YES_ERROR;
				GCC_WARN_UNDECLARED_SELECTOR = YES;
				GCC_WARN_UNINITIALIZED_AUTOS = YES_AGGRESSIVE;
				GCC_WARN_UNUSED_FUNCTION = YES;
				GCC_WARN_UNUSED_VARIABLE = YES;
				IPHONEOS_DEPLOYMENT_TARGET = 11.2;
				MTL_ENABLE_DEBUG_INFO = NO;
				SDKROOT = iphoneos;
				SWIFT_OPTIMIZATION_LEVEL = "-Owholemodule";
				VALIDATE_PRODUCT = YES;
			};
			name = Release;
		};
		8E7C6B91200D1C2500268BA6 /* Debug */ = {
			isa = XCBuildConfiguration;
			buildSettings = {
				ASSETCATALOG_COMPILER_APPICON_NAME = AppIcon;
				CODE_SIGN_STYLE = Automatic;
				DEVELOPMENT_TEAM = X6D769Z7F4;
				INFOPLIST_FILE = VisualTrials/Info.plist;
				LD_RUNPATH_SEARCH_PATHS = "$(inherited) @executable_path/Frameworks";
				PRODUCT_BUNDLE_IDENTIFIER = NM.VisualTrials;
				PRODUCT_NAME = "$(TARGET_NAME)";
				SWIFT_VERSION = 4.0;
				TARGETED_DEVICE_FAMILY = "1,2";
			};
			name = Debug;
		};
		8E7C6B92200D1C2500268BA6 /* Release */ = {
			isa = XCBuildConfiguration;
			buildSettings = {
				ASSETCATALOG_COMPILER_APPICON_NAME = AppIcon;
				CODE_SIGN_STYLE = Automatic;
				DEVELOPMENT_TEAM = X6D769Z7F4;
				INFOPLIST_FILE = VisualTrials/Info.plist;
				LD_RUNPATH_SEARCH_PATHS = "$(inherited) @executable_path/Frameworks";
				PRODUCT_BUNDLE_IDENTIFIER = NM.VisualTrials;
				PRODUCT_NAME = "$(TARGET_NAME)";
				SWIFT_VERSION = 4.0;
				TARGETED_DEVICE_FAMILY = "1,2";
			};
			name = Release;
		};
		8E7C6B94200D1C2500268BA6 /* Debug */ = {
			isa = XCBuildConfiguration;
			buildSettings = {
				ALWAYS_EMBED_SWIFT_STANDARD_LIBRARIES = YES;
				BUNDLE_LOADER = "$(TEST_HOST)";
				CODE_SIGN_STYLE = Automatic;
				DEVELOPMENT_TEAM = X6D769Z7F4;
				INFOPLIST_FILE = VisualTrialsTests/Info.plist;
				LD_RUNPATH_SEARCH_PATHS = "$(inherited) @executable_path/Frameworks @loader_path/Frameworks";
				PRODUCT_BUNDLE_IDENTIFIER = NM.VisualTrialsTests;
				PRODUCT_NAME = "$(TARGET_NAME)";
				SWIFT_VERSION = 4.0;
				TARGETED_DEVICE_FAMILY = "1,2";
				TEST_HOST = "$(BUILT_PRODUCTS_DIR)/VisualTrials.app/VisualTrials";
			};
			name = Debug;
		};
		8E7C6B95200D1C2500268BA6 /* Release */ = {
			isa = XCBuildConfiguration;
			buildSettings = {
				ALWAYS_EMBED_SWIFT_STANDARD_LIBRARIES = YES;
				BUNDLE_LOADER = "$(TEST_HOST)";
				CODE_SIGN_STYLE = Automatic;
				DEVELOPMENT_TEAM = X6D769Z7F4;
				INFOPLIST_FILE = VisualTrialsTests/Info.plist;
				LD_RUNPATH_SEARCH_PATHS = "$(inherited) @executable_path/Frameworks @loader_path/Frameworks";
				PRODUCT_BUNDLE_IDENTIFIER = NM.VisualTrialsTests;
				PRODUCT_NAME = "$(TARGET_NAME)";
				SWIFT_VERSION = 4.0;
				TARGETED_DEVICE_FAMILY = "1,2";
				TEST_HOST = "$(BUILT_PRODUCTS_DIR)/VisualTrials.app/VisualTrials";
			};
			name = Release;
		};
		8E7C6B97200D1C2500268BA6 /* Debug */ = {
			isa = XCBuildConfiguration;
			buildSettings = {
				ALWAYS_EMBED_SWIFT_STANDARD_LIBRARIES = YES;
				CODE_SIGN_STYLE = Automatic;
				DEVELOPMENT_TEAM = X6D769Z7F4;
				INFOPLIST_FILE = VisualTrialsUITests/Info.plist;
				LD_RUNPATH_SEARCH_PATHS = "$(inherited) @executable_path/Frameworks @loader_path/Frameworks";
				PRODUCT_BUNDLE_IDENTIFIER = NM.VisualTrialsUITests;
				PRODUCT_NAME = "$(TARGET_NAME)";
				SWIFT_VERSION = 4.0;
				TARGETED_DEVICE_FAMILY = "1,2";
				TEST_TARGET_NAME = VisualTrials;
			};
			name = Debug;
		};
		8E7C6B98200D1C2500268BA6 /* Release */ = {
			isa = XCBuildConfiguration;
			buildSettings = {
				ALWAYS_EMBED_SWIFT_STANDARD_LIBRARIES = YES;
				CODE_SIGN_STYLE = Automatic;
				DEVELOPMENT_TEAM = X6D769Z7F4;
				INFOPLIST_FILE = VisualTrialsUITests/Info.plist;
				LD_RUNPATH_SEARCH_PATHS = "$(inherited) @executable_path/Frameworks @loader_path/Frameworks";
				PRODUCT_BUNDLE_IDENTIFIER = NM.VisualTrialsUITests;
				PRODUCT_NAME = "$(TARGET_NAME)";
				SWIFT_VERSION = 4.0;
				TARGETED_DEVICE_FAMILY = "1,2";
				TEST_TARGET_NAME = VisualTrials;
			};
			name = Release;
		};
/* End XCBuildConfiguration section */

/* Begin XCConfigurationList section */
		8E7C6B60200D1C2500268BA6 /* Build configuration list for PBXProject "VisualTrials" */ = {
			isa = XCConfigurationList;
			buildConfigurations = (
				8E7C6B8E200D1C2500268BA6 /* Debug */,
				8E7C6B8F200D1C2500268BA6 /* Release */,
			);
			defaultConfigurationIsVisible = 0;
			defaultConfigurationName = Release;
		};
		8E7C6B90200D1C2500268BA6 /* Build configuration list for PBXNativeTarget "VisualTrials" */ = {
			isa = XCConfigurationList;
			buildConfigurations = (
				8E7C6B91200D1C2500268BA6 /* Debug */,
				8E7C6B92200D1C2500268BA6 /* Release */,
			);
			defaultConfigurationIsVisible = 0;
			defaultConfigurationName = Release;
		};
		8E7C6B93200D1C2500268BA6 /* Build configuration list for PBXNativeTarget "VisualTrialsTests" */ = {
			isa = XCConfigurationList;
			buildConfigurations = (
				8E7C6B94200D1C2500268BA6 /* Debug */,
				8E7C6B95200D1C2500268BA6 /* Release */,
			);
			defaultConfigurationIsVisible = 0;
			defaultConfigurationName = Release;
		};
		8E7C6B96200D1C2500268BA6 /* Build configuration list for PBXNativeTarget "VisualTrialsUITests" */ = {
			isa = XCConfigurationList;
			buildConfigurations = (
				8E7C6B97200D1C2500268BA6 /* Debug */,
				8E7C6B98200D1C2500268BA6 /* Release */,
			);
			defaultConfigurationIsVisible = 0;
			defaultConfigurationName = Release;
		};
/* End XCConfigurationList section */

/* Begin XCVersionGroup section */
		8E7C6B6F200D1C2500268BA6 /* VisualTrials.xcdatamodeld */ = {
			isa = XCVersionGroup;
			children = (
				8E7C6B70200D1C2500268BA6 /* VisualTrials.xcdatamodel */,
			);
			currentVersion = 8E7C6B70200D1C2500268BA6 /* VisualTrials.xcdatamodel */;
			path = VisualTrials.xcdatamodeld;
			sourceTree = "<group>";
			versionGroupType = wrapper.xcdatamodel;
		};
/* End XCVersionGroup section */
	};
	rootObject = 8E7C6B5D200D1C2500268BA6 /* Project object */;
}
