// !$*UTF8*$!
{
	archiveVersion = 1;
	classes = {
	};
	objectVersion = 48;
	objects = {

/* Begin PBXBuildFile section */
		8E67BEF91FF2F8920074D2C9 /* WorldWarII.plist in Resources */ = {isa = PBXBuildFile; fileRef = 8E67BEF81FF2F8920074D2C9 /* WorldWarII.plist */; };
		8EFA3B101FF045AA00375B6E /* AppDelegate.swift in Sources */ = {isa = PBXBuildFile; fileRef = 8EFA3B0F1FF045AA00375B6E /* AppDelegate.swift */; };
		8EFA3B181FF045AA00375B6E /* HistoricDatesQuiz.xcdatamodeld in Sources */ = {isa = PBXBuildFile; fileRef = 8EFA3B161FF045AA00375B6E /* HistoricDatesQuiz.xcdatamodeld */; };
		8EFA3B1A1FF045AA00375B6E /* Assets.xcassets in Resources */ = {isa = PBXBuildFile; fileRef = 8EFA3B191FF045AA00375B6E /* Assets.xcassets */; };
		8EFA3B1D1FF045AA00375B6E /* LaunchScreen.storyboard in Resources */ = {isa = PBXBuildFile; fileRef = 8EFA3B1B1FF045AA00375B6E /* LaunchScreen.storyboard */; };
		8EFA3B281FF045AB00375B6E /* HistoricDatesQuizTests.swift in Sources */ = {isa = PBXBuildFile; fileRef = 8EFA3B271FF045AB00375B6E /* HistoricDatesQuizTests.swift */; };
		8EFA3B331FF045AB00375B6E /* HistoricDatesQuizUITests.swift in Sources */ = {isa = PBXBuildFile; fileRef = 8EFA3B321FF045AB00375B6E /* HistoricDatesQuizUITests.swift */; };
		8EFA3B561FF0461100375B6E /* HistoricalData.swift in Sources */ = {isa = PBXBuildFile; fileRef = 8EFA3B401FF0461000375B6E /* HistoricalData.swift */; };
		8EFA3B571FF0461100375B6E /* HitoricalTableViewController.swift in Sources */ = {isa = PBXBuildFile; fileRef = 8EFA3B421FF0461000375B6E /* HitoricalTableViewController.swift */; };
		8EFA3B581FF0461100375B6E /* Device.swift in Sources */ = {isa = PBXBuildFile; fileRef = 8EFA3B431FF0461000375B6E /* Device.swift */; };
		8EFA3B591FF0461100375B6E /* CreditPurchaseViewController.swift in Sources */ = {isa = PBXBuildFile; fileRef = 8EFA3B441FF0461000375B6E /* CreditPurchaseViewController.swift */; };
		8EFA3B5A1FF0461100375B6E /* ExtraQuizViewController.swift in Sources */ = {isa = PBXBuildFile; fileRef = 8EFA3B451FF0461000375B6E /* ExtraQuizViewController.swift */; };
		8EFA3B5D1FF0461100375B6E /* SubjectTableViewController.swift in Sources */ = {isa = PBXBuildFile; fileRef = 8EFA3B491FF0461000375B6E /* SubjectTableViewController.swift */; };
		8EFA3B5E1FF0461100375B6E /* TitleSectionManager.swift in Sources */ = {isa = PBXBuildFile; fileRef = 8EFA3B4A1FF0461000375B6E /* TitleSectionManager.swift */; };
		8EFA3B601FF0461100375B6E /* PublicityViewController.swift in Sources */ = {isa = PBXBuildFile; fileRef = 8EFA3B4C1FF0461000375B6E /* PublicityViewController.swift */; };
		8EFA3B611FF0461100375B6E /* Animations.swift in Sources */ = {isa = PBXBuildFile; fileRef = 8EFA3B4E1FF0461000375B6E /* Animations.swift */; };
		8EFA3B621FF0461100375B6E /* LabelAndButtonDisplays.swift in Sources */ = {isa = PBXBuildFile; fileRef = 8EFA3B4F1FF0461000375B6E /* LabelAndButtonDisplays.swift */; };
		8EFA3B631FF0461100375B6E /* RandomizeQuestions.swift in Sources */ = {isa = PBXBuildFile; fileRef = 8EFA3B501FF0461000375B6E /* RandomizeQuestions.swift */; };
		8EFA3B641FF0461100375B6E /* ScreennSize.swift in Sources */ = {isa = PBXBuildFile; fileRef = 8EFA3B511FF0461000375B6E /* ScreennSize.swift */; };
		8EFA3B651FF0461100375B6E /* ShakingMovement.swift in Sources */ = {isa = PBXBuildFile; fileRef = 8EFA3B521FF0461000375B6E /* ShakingMovement.swift */; };
		8EFA3B661FF0461100375B6E /* ViewController.swift in Sources */ = {isa = PBXBuildFile; fileRef = 8EFA3B531FF0461000375B6E /* ViewController.swift */; };
		8EFA3B671FF0461100375B6E /* Main.storyboard in Resources */ = {isa = PBXBuildFile; fileRef = 8EFA3B541FF0461100375B6E /* Main.storyboard */; };
		8EFA3B7C1FF28FF200375B6E /* CodeDataHandler.swift in Sources */ = {isa = PBXBuildFile; fileRef = 8EFA3B7B1FF28FF200375B6E /* CodeDataHandler.swift */; };
		8EFA3B801FF2E52900375B6E /* SpacePioneers.plist in Resources */ = {isa = PBXBuildFile; fileRef = 8EFA3B7F1FF2E52900375B6E /* SpacePioneers.plist */; };
/* End PBXBuildFile section */

/* Begin PBXContainerItemProxy section */
		8EFA3B241FF045AB00375B6E /* PBXContainerItemProxy */ = {
			isa = PBXContainerItemProxy;
			containerPortal = 8EFA3B041FF045AA00375B6E /* Project object */;
			proxyType = 1;
			remoteGlobalIDString = 8EFA3B0B1FF045AA00375B6E;
			remoteInfo = HistoricDatesQuiz;
		};
		8EFA3B2F1FF045AB00375B6E /* PBXContainerItemProxy */ = {
			isa = PBXContainerItemProxy;
			containerPortal = 8EFA3B041FF045AA00375B6E /* Project object */;
			proxyType = 1;
			remoteGlobalIDString = 8EFA3B0B1FF045AA00375B6E;
			remoteInfo = HistoricDatesQuiz;
		};
/* End PBXContainerItemProxy section */

/* Begin PBXFileReference section */
		8E67BEF81FF2F8920074D2C9 /* WorldWarII.plist */ = {isa = PBXFileReference; fileEncoding = 4; lastKnownFileType = text.plist.xml; path = WorldWarII.plist; sourceTree = "<group>"; };
		8EFA3B0C1FF045AA00375B6E /* HistoricDatesQuiz.app */ = {isa = PBXFileReference; explicitFileType = wrapper.application; includeInIndex = 0; path = HistoricDatesQuiz.app; sourceTree = BUILT_PRODUCTS_DIR; };
		8EFA3B0F1FF045AA00375B6E /* AppDelegate.swift */ = {isa = PBXFileReference; lastKnownFileType = sourcecode.swift; path = AppDelegate.swift; sourceTree = "<group>"; };
		8EFA3B171FF045AA00375B6E /* HistoricDatesQuiz.xcdatamodel */ = {isa = PBXFileReference; lastKnownFileType = wrapper.xcdatamodel; path = HistoricDatesQuiz.xcdatamodel; sourceTree = "<group>"; };
		8EFA3B191FF045AA00375B6E /* Assets.xcassets */ = {isa = PBXFileReference; lastKnownFileType = folder.assetcatalog; path = Assets.xcassets; sourceTree = "<group>"; };
		8EFA3B1C1FF045AA00375B6E /* Base */ = {isa = PBXFileReference; lastKnownFileType = file.storyboard; name = Base; path = Base.lproj/LaunchScreen.storyboard; sourceTree = "<group>"; };
		8EFA3B1E1FF045AA00375B6E /* Info.plist */ = {isa = PBXFileReference; lastKnownFileType = text.plist.xml; path = Info.plist; sourceTree = "<group>"; };
		8EFA3B231FF045AB00375B6E /* HistoricDatesQuizTests.xctest */ = {isa = PBXFileReference; explicitFileType = wrapper.cfbundle; includeInIndex = 0; path = HistoricDatesQuizTests.xctest; sourceTree = BUILT_PRODUCTS_DIR; };
		8EFA3B271FF045AB00375B6E /* HistoricDatesQuizTests.swift */ = {isa = PBXFileReference; lastKnownFileType = sourcecode.swift; path = HistoricDatesQuizTests.swift; sourceTree = "<group>"; };
		8EFA3B291FF045AB00375B6E /* Info.plist */ = {isa = PBXFileReference; lastKnownFileType = text.plist.xml; path = Info.plist; sourceTree = "<group>"; };
		8EFA3B2E1FF045AB00375B6E /* HistoricDatesQuizUITests.xctest */ = {isa = PBXFileReference; explicitFileType = wrapper.cfbundle; includeInIndex = 0; path = HistoricDatesQuizUITests.xctest; sourceTree = BUILT_PRODUCTS_DIR; };
		8EFA3B321FF045AB00375B6E /* HistoricDatesQuizUITests.swift */ = {isa = PBXFileReference; lastKnownFileType = sourcecode.swift; path = HistoricDatesQuizUITests.swift; sourceTree = "<group>"; };
		8EFA3B341FF045AB00375B6E /* Info.plist */ = {isa = PBXFileReference; lastKnownFileType = text.plist.xml; path = Info.plist; sourceTree = "<group>"; };
		8EFA3B401FF0461000375B6E /* HistoricalData.swift */ = {isa = PBXFileReference; fileEncoding = 4; lastKnownFileType = sourcecode.swift; path = HistoricalData.swift; sourceTree = "<group>"; };
		8EFA3B421FF0461000375B6E /* HitoricalTableViewController.swift */ = {isa = PBXFileReference; fileEncoding = 4; lastKnownFileType = sourcecode.swift; path = HitoricalTableViewController.swift; sourceTree = "<group>"; };
		8EFA3B431FF0461000375B6E /* Device.swift */ = {isa = PBXFileReference; fileEncoding = 4; lastKnownFileType = sourcecode.swift; name = Device.swift; path = "../../InterfaceTestDateToEvent 2/InterfaceTestDateToEvent/Device.swift"; sourceTree = "<group>"; };
		8EFA3B441FF0461000375B6E /* CreditPurchaseViewController.swift */ = {isa = PBXFileReference; fileEncoding = 4; lastKnownFileType = sourcecode.swift; path = CreditPurchaseViewController.swift; sourceTree = "<group>"; };
		8EFA3B451FF0461000375B6E /* ExtraQuizViewController.swift */ = {isa = PBXFileReference; fileEncoding = 4; lastKnownFileType = sourcecode.swift; path = ExtraQuizViewController.swift; sourceTree = "<group>"; };
		8EFA3B491FF0461000375B6E /* SubjectTableViewController.swift */ = {isa = PBXFileReference; fileEncoding = 4; lastKnownFileType = sourcecode.swift; path = SubjectTableViewController.swift; sourceTree = "<group>"; };
		8EFA3B4A1FF0461000375B6E /* TitleSectionManager.swift */ = {isa = PBXFileReference; fileEncoding = 4; lastKnownFileType = sourcecode.swift; path = TitleSectionManager.swift; sourceTree = "<group>"; };
		8EFA3B4C1FF0461000375B6E /* PublicityViewController.swift */ = {isa = PBXFileReference; fileEncoding = 4; lastKnownFileType = sourcecode.swift; name = PublicityViewController.swift; path = "../../InterfaceTestDateToEvent 2/InterfaceTestDateToEvent/PublicityViewController.swift"; sourceTree = "<group>"; };
		8EFA3B4E1FF0461000375B6E /* Animations.swift */ = {isa = PBXFileReference; fileEncoding = 4; lastKnownFileType = sourcecode.swift; path = Animations.swift; sourceTree = "<group>"; };
		8EFA3B4F1FF0461000375B6E /* LabelAndButtonDisplays.swift */ = {isa = PBXFileReference; fileEncoding = 4; lastKnownFileType = sourcecode.swift; path = LabelAndButtonDisplays.swift; sourceTree = "<group>"; };
		8EFA3B501FF0461000375B6E /* RandomizeQuestions.swift */ = {isa = PBXFileReference; fileEncoding = 4; lastKnownFileType = sourcecode.swift; path = RandomizeQuestions.swift; sourceTree = "<group>"; };
		8EFA3B511FF0461000375B6E /* ScreennSize.swift */ = {isa = PBXFileReference; fileEncoding = 4; lastKnownFileType = sourcecode.swift; path = ScreennSize.swift; sourceTree = "<group>"; };
		8EFA3B521FF0461000375B6E /* ShakingMovement.swift */ = {isa = PBXFileReference; fileEncoding = 4; lastKnownFileType = sourcecode.swift; path = ShakingMovement.swift; sourceTree = "<group>"; };
		8EFA3B531FF0461000375B6E /* ViewController.swift */ = {isa = PBXFileReference; fileEncoding = 4; lastKnownFileType = sourcecode.swift; path = ViewController.swift; sourceTree = "<group>"; };
		8EFA3B551FF0461100375B6E /* Base */ = {isa = PBXFileReference; lastKnownFileType = file.storyboard; name = Base; path = "../../InterfaceTestDateToEvent 2/InterfaceTestDateToEvent/Base.lproj/Main.storyboard"; sourceTree = "<group>"; };
		8EFA3B7B1FF28FF200375B6E /* CodeDataHandler.swift */ = {isa = PBXFileReference; lastKnownFileType = sourcecode.swift; path = CodeDataHandler.swift; sourceTree = "<group>"; };
		8EFA3B7F1FF2E52900375B6E /* SpacePioneers.plist */ = {isa = PBXFileReference; fileEncoding = 4; lastKnownFileType = text.plist.xml; path = SpacePioneers.plist; sourceTree = "<group>"; };
/* End PBXFileReference section */

/* Begin PBXFrameworksBuildPhase section */
		8EFA3B091FF045AA00375B6E /* Frameworks */ = {
			isa = PBXFrameworksBuildPhase;
			buildActionMask = 2147483647;
			files = (
			);
			runOnlyForDeploymentPostprocessing = 0;
		};
		8EFA3B201FF045AB00375B6E /* Frameworks */ = {
			isa = PBXFrameworksBuildPhase;
			buildActionMask = 2147483647;
			files = (
			);
			runOnlyForDeploymentPostprocessing = 0;
		};
		8EFA3B2B1FF045AB00375B6E /* Frameworks */ = {
			isa = PBXFrameworksBuildPhase;
			buildActionMask = 2147483647;
			files = (
			);
			runOnlyForDeploymentPostprocessing = 0;
		};
/* End PBXFrameworksBuildPhase section */

/* Begin PBXGroup section */
		8EFA3B031FF045AA00375B6E = {
			isa = PBXGroup;
			children = (
				8EFA3B541FF0461100375B6E /* Main.storyboard */,
				8EFA3B0E1FF045AA00375B6E /* HistoricDatesQuiz */,
				8EFA3B261FF045AB00375B6E /* HistoricDatesQuizTests */,
				8EFA3B311FF045AB00375B6E /* HistoricDatesQuizUITests */,
				8EFA3B0D1FF045AA00375B6E /* Products */,
			);
			sourceTree = "<group>";
		};
		8EFA3B0D1FF045AA00375B6E /* Products */ = {
			isa = PBXGroup;
			children = (
				8EFA3B0C1FF045AA00375B6E /* HistoricDatesQuiz.app */,
				8EFA3B231FF045AB00375B6E /* HistoricDatesQuizTests.xctest */,
				8EFA3B2E1FF045AB00375B6E /* HistoricDatesQuizUITests.xctest */,
			);
			name = Products;
			sourceTree = "<group>";
		};
		8EFA3B0E1FF045AA00375B6E /* HistoricDatesQuiz */ = {
			isa = PBXGroup;
			children = (
				8EFA3B461FF0461000375B6E /* PlistManagement */,
				8EFA3B411FF0461000375B6E /* HistoricalTableViewGroup */,
				8EFA3B4D1FF0461000375B6E /* View Controller Group */,
				8EFA3B451FF0461000375B6E /* ExtraQuizViewController.swift */,
				8EFA3B441FF0461000375B6E /* CreditPurchaseViewController.swift */,
				8EFA3B6E1FF1AC4C00375B6E /* Data */,
				8EFA3B4C1FF0461000375B6E /* PublicityViewController.swift */,
				8EFA3B431FF0461000375B6E /* Device.swift */,
				8EFA3B0F1FF045AA00375B6E /* AppDelegate.swift */,
				8EFA3B191FF045AA00375B6E /* Assets.xcassets */,
				8EFA3B1B1FF045AA00375B6E /* LaunchScreen.storyboard */,
				8EFA3B1E1FF045AA00375B6E /* Info.plist */,
			);
			path = HistoricDatesQuiz;
			sourceTree = "<group>";
		};
		8EFA3B261FF045AB00375B6E /* HistoricDatesQuizTests */ = {
			isa = PBXGroup;
			children = (
				8EFA3B271FF045AB00375B6E /* HistoricDatesQuizTests.swift */,
				8EFA3B291FF045AB00375B6E /* Info.plist */,
			);
			path = HistoricDatesQuizTests;
			sourceTree = "<group>";
		};
		8EFA3B311FF045AB00375B6E /* HistoricDatesQuizUITests */ = {
			isa = PBXGroup;
			children = (
				8EFA3B321FF045AB00375B6E /* HistoricDatesQuizUITests.swift */,
				8EFA3B341FF045AB00375B6E /* Info.plist */,
			);
			path = HistoricDatesQuizUITests;
			sourceTree = "<group>";
		};
		8EFA3B411FF0461000375B6E /* HistoricalTableViewGroup */ = {
			isa = PBXGroup;
			children = (
				8EFA3B421FF0461000375B6E /* HitoricalTableViewController.swift */,
			);
			path = HistoricalTableViewGroup;
			sourceTree = "<group>";
		};
		8EFA3B461FF0461000375B6E /* PlistManagement */ = {
			isa = PBXGroup;
			children = (
				8E67BEF81FF2F8920074D2C9 /* WorldWarII.plist */,
				8EFA3B7F1FF2E52900375B6E /* SpacePioneers.plist */,
				8EFA3B491FF0461000375B6E /* SubjectTableViewController.swift */,
				8EFA3B4A1FF0461000375B6E /* TitleSectionManager.swift */,
			);
			name = PlistManagement;
			path = "../../InterfaceTestDateToEvent 2/InterfaceTestDateToEvent/PlistManagement";
			sourceTree = "<group>";
		};
		8EFA3B4D1FF0461000375B6E /* View Controller Group */ = {
			isa = PBXGroup;
			children = (
				8EFA3B531FF0461000375B6E /* ViewController.swift */,
				8EFA3B4E1FF0461000375B6E /* Animations.swift */,
				8EFA3B4F1FF0461000375B6E /* LabelAndButtonDisplays.swift */,
				8EFA3B501FF0461000375B6E /* RandomizeQuestions.swift */,
				8EFA3B511FF0461000375B6E /* ScreennSize.swift */,
				8EFA3B521FF0461000375B6E /* ShakingMovement.swift */,
			);
			name = "View Controller Group";
			path = "../../InterfaceTestDateToEvent 2/InterfaceTestDateToEvent/View Controller Group";
			sourceTree = "<group>";
		};
		8EFA3B6E1FF1AC4C00375B6E /* Data */ = {
			isa = PBXGroup;
			children = (
				8EFA3B401FF0461000375B6E /* HistoricalData.swift */,
				8EFA3B7B1FF28FF200375B6E /* CodeDataHandler.swift */,
				8EFA3B161FF045AA00375B6E /* HistoricDatesQuiz.xcdatamodeld */,
			);
			path = Data;
			sourceTree = "<group>";
		};
/* End PBXGroup section */

/* Begin PBXNativeTarget section */
		8EFA3B0B1FF045AA00375B6E /* HistoricDatesQuiz */ = {
			isa = PBXNativeTarget;
			buildConfigurationList = 8EFA3B371FF045AB00375B6E /* Build configuration list for PBXNativeTarget "HistoricDatesQuiz" */;
			buildPhases = (
				8EFA3B081FF045AA00375B6E /* Sources */,
				8EFA3B091FF045AA00375B6E /* Frameworks */,
				8EFA3B0A1FF045AA00375B6E /* Resources */,
			);
			buildRules = (
			);
			dependencies = (
			);
			name = HistoricDatesQuiz;
			productName = HistoricDatesQuiz;
			productReference = 8EFA3B0C1FF045AA00375B6E /* HistoricDatesQuiz.app */;
			productType = "com.apple.product-type.application";
		};
		8EFA3B221FF045AB00375B6E /* HistoricDatesQuizTests */ = {
			isa = PBXNativeTarget;
			buildConfigurationList = 8EFA3B3A1FF045AB00375B6E /* Build configuration list for PBXNativeTarget "HistoricDatesQuizTests" */;
			buildPhases = (
				8EFA3B1F1FF045AB00375B6E /* Sources */,
				8EFA3B201FF045AB00375B6E /* Frameworks */,
				8EFA3B211FF045AB00375B6E /* Resources */,
			);
			buildRules = (
			);
			dependencies = (
				8EFA3B251FF045AB00375B6E /* PBXTargetDependency */,
			);
			name = HistoricDatesQuizTests;
			productName = HistoricDatesQuizTests;
			productReference = 8EFA3B231FF045AB00375B6E /* HistoricDatesQuizTests.xctest */;
			productType = "com.apple.product-type.bundle.unit-test";
		};
		8EFA3B2D1FF045AB00375B6E /* HistoricDatesQuizUITests */ = {
			isa = PBXNativeTarget;
			buildConfigurationList = 8EFA3B3D1FF045AB00375B6E /* Build configuration list for PBXNativeTarget "HistoricDatesQuizUITests" */;
			buildPhases = (
				8EFA3B2A1FF045AB00375B6E /* Sources */,
				8EFA3B2B1FF045AB00375B6E /* Frameworks */,
				8EFA3B2C1FF045AB00375B6E /* Resources */,
			);
			buildRules = (
			);
			dependencies = (
				8EFA3B301FF045AB00375B6E /* PBXTargetDependency */,
			);
			name = HistoricDatesQuizUITests;
			productName = HistoricDatesQuizUITests;
			productReference = 8EFA3B2E1FF045AB00375B6E /* HistoricDatesQuizUITests.xctest */;
			productType = "com.apple.product-type.bundle.ui-testing";
		};
/* End PBXNativeTarget section */

/* Begin PBXProject section */
		8EFA3B041FF045AA00375B6E /* Project object */ = {
			isa = PBXProject;
			attributes = {
				LastSwiftUpdateCheck = 0920;
				LastUpgradeCheck = 0920;
				ORGANIZATIONNAME = "Normand Martin";
				TargetAttributes = {
					8EFA3B0B1FF045AA00375B6E = {
						CreatedOnToolsVersion = 9.2;
						ProvisioningStyle = Automatic;
					};
					8EFA3B221FF045AB00375B6E = {
						CreatedOnToolsVersion = 9.2;
						ProvisioningStyle = Automatic;
						TestTargetID = 8EFA3B0B1FF045AA00375B6E;
					};
					8EFA3B2D1FF045AB00375B6E = {
						CreatedOnToolsVersion = 9.2;
						ProvisioningStyle = Automatic;
						TestTargetID = 8EFA3B0B1FF045AA00375B6E;
					};
				};
			};
			buildConfigurationList = 8EFA3B071FF045AA00375B6E /* Build configuration list for PBXProject "HistoricDatesQuiz" */;
			compatibilityVersion = "Xcode 8.0";
			developmentRegion = en;
			hasScannedForEncodings = 0;
			knownRegions = (
				en,
				Base,
			);
			mainGroup = 8EFA3B031FF045AA00375B6E;
			productRefGroup = 8EFA3B0D1FF045AA00375B6E /* Products */;
			projectDirPath = "";
			projectRoot = "";
			targets = (
				8EFA3B0B1FF045AA00375B6E /* HistoricDatesQuiz */,
				8EFA3B221FF045AB00375B6E /* HistoricDatesQuizTests */,
				8EFA3B2D1FF045AB00375B6E /* HistoricDatesQuizUITests */,
			);
		};
/* End PBXProject section */

/* Begin PBXResourcesBuildPhase section */
		8EFA3B0A1FF045AA00375B6E /* Resources */ = {
			isa = PBXResourcesBuildPhase;
			buildActionMask = 2147483647;
			files = (
				8EFA3B1D1FF045AA00375B6E /* LaunchScreen.storyboard in Resources */,
				8EFA3B801FF2E52900375B6E /* SpacePioneers.plist in Resources */,
				8EFA3B1A1FF045AA00375B6E /* Assets.xcassets in Resources */,
				8E67BEF91FF2F8920074D2C9 /* WorldWarII.plist in Resources */,
				8EFA3B671FF0461100375B6E /* Main.storyboard in Resources */,
			);
			runOnlyForDeploymentPostprocessing = 0;
		};
		8EFA3B211FF045AB00375B6E /* Resources */ = {
			isa = PBXResourcesBuildPhase;
			buildActionMask = 2147483647;
			files = (
			);
			runOnlyForDeploymentPostprocessing = 0;
		};
		8EFA3B2C1FF045AB00375B6E /* Resources */ = {
			isa = PBXResourcesBuildPhase;
			buildActionMask = 2147483647;
			files = (
			);
			runOnlyForDeploymentPostprocessing = 0;
		};
/* End PBXResourcesBuildPhase section */

/* Begin PBXSourcesBuildPhase section */
		8EFA3B081FF045AA00375B6E /* Sources */ = {
			isa = PBXSourcesBuildPhase;
			buildActionMask = 2147483647;
			files = (
				8EFA3B631FF0461100375B6E /* RandomizeQuestions.swift in Sources */,
				8EFA3B601FF0461100375B6E /* PublicityViewController.swift in Sources */,
				8EFA3B181FF045AA00375B6E /* HistoricDatesQuiz.xcdatamodeld in Sources */,
				8EFA3B5E1FF0461100375B6E /* TitleSectionManager.swift in Sources */,
				8EFA3B621FF0461100375B6E /* LabelAndButtonDisplays.swift in Sources */,
				8EFA3B5A1FF0461100375B6E /* ExtraQuizViewController.swift in Sources */,
				8EFA3B561FF0461100375B6E /* HistoricalData.swift in Sources */,
				8EFA3B591FF0461100375B6E /* CreditPurchaseViewController.swift in Sources */,
				8EFA3B5D1FF0461100375B6E /* SubjectTableViewController.swift in Sources */,
				8EFA3B641FF0461100375B6E /* ScreennSize.swift in Sources */,
				8EFA3B651FF0461100375B6E /* ShakingMovement.swift in Sources */,
				8EFA3B101FF045AA00375B6E /* AppDelegate.swift in Sources */,
				8EFA3B571FF0461100375B6E /* HitoricalTableViewController.swift in Sources */,
				8EFA3B611FF0461100375B6E /* Animations.swift in Sources */,
				8EFA3B661FF0461100375B6E /* ViewController.swift in Sources */,
				8EFA3B581FF0461100375B6E /* Device.swift in Sources */,
				8EFA3B7C1FF28FF200375B6E /* CodeDataHandler.swift in Sources */,
			);
			runOnlyForDeploymentPostprocessing = 0;
		};
		8EFA3B1F1FF045AB00375B6E /* Sources */ = {
			isa = PBXSourcesBuildPhase;
			buildActionMask = 2147483647;
			files = (
				8EFA3B281FF045AB00375B6E /* HistoricDatesQuizTests.swift in Sources */,
			);
			runOnlyForDeploymentPostprocessing = 0;
		};
		8EFA3B2A1FF045AB00375B6E /* Sources */ = {
			isa = PBXSourcesBuildPhase;
			buildActionMask = 2147483647;
			files = (
				8EFA3B331FF045AB00375B6E /* HistoricDatesQuizUITests.swift in Sources */,
			);
			runOnlyForDeploymentPostprocessing = 0;
		};
/* End PBXSourcesBuildPhase section */

/* Begin PBXTargetDependency section */
		8EFA3B251FF045AB00375B6E /* PBXTargetDependency */ = {
			isa = PBXTargetDependency;
			target = 8EFA3B0B1FF045AA00375B6E /* HistoricDatesQuiz */;
			targetProxy = 8EFA3B241FF045AB00375B6E /* PBXContainerItemProxy */;
		};
		8EFA3B301FF045AB00375B6E /* PBXTargetDependency */ = {
			isa = PBXTargetDependency;
			target = 8EFA3B0B1FF045AA00375B6E /* HistoricDatesQuiz */;
			targetProxy = 8EFA3B2F1FF045AB00375B6E /* PBXContainerItemProxy */;
		};
/* End PBXTargetDependency section */

/* Begin PBXVariantGroup section */
		8EFA3B1B1FF045AA00375B6E /* LaunchScreen.storyboard */ = {
			isa = PBXVariantGroup;
			children = (
				8EFA3B1C1FF045AA00375B6E /* Base */,
			);
			name = LaunchScreen.storyboard;
			sourceTree = "<group>";
		};
		8EFA3B541FF0461100375B6E /* Main.storyboard */ = {
			isa = PBXVariantGroup;
			children = (
				8EFA3B551FF0461100375B6E /* Base */,
			);
			name = Main.storyboard;
			sourceTree = "<group>";
		};
/* End PBXVariantGroup section */

/* Begin XCBuildConfiguration section */
		8EFA3B351FF045AB00375B6E /* Debug */ = {
			isa = XCBuildConfiguration;
			buildSettings = {
				ALWAYS_SEARCH_USER_PATHS = NO;
				CLANG_ANALYZER_NONNULL = YES;
				CLANG_ANALYZER_NUMBER_OBJECT_CONVERSION = YES_AGGRESSIVE;
				CLANG_CXX_LANGUAGE_STANDARD = "gnu++14";
				CLANG_CXX_LIBRARY = "libc++";
				CLANG_ENABLE_MODULES = YES;
				CLANG_ENABLE_OBJC_ARC = YES;
				CLANG_WARN_BLOCK_CAPTURE_AUTORELEASING = YES;
				CLANG_WARN_BOOL_CONVERSION = YES;
				CLANG_WARN_COMMA = YES;
				CLANG_WARN_CONSTANT_CONVERSION = YES;
				CLANG_WARN_DIRECT_OBJC_ISA_USAGE = YES_ERROR;
				CLANG_WARN_DOCUMENTATION_COMMENTS = YES;
				CLANG_WARN_EMPTY_BODY = YES;
				CLANG_WARN_ENUM_CONVERSION = YES;
				CLANG_WARN_INFINITE_RECURSION = YES;
				CLANG_WARN_INT_CONVERSION = YES;
				CLANG_WARN_NON_LITERAL_NULL_CONVERSION = YES;
				CLANG_WARN_OBJC_LITERAL_CONVERSION = YES;
				CLANG_WARN_OBJC_ROOT_CLASS = YES_ERROR;
				CLANG_WARN_RANGE_LOOP_ANALYSIS = YES;
				CLANG_WARN_STRICT_PROTOTYPES = YES;
				CLANG_WARN_SUSPICIOUS_MOVE = YES;
				CLANG_WARN_UNGUARDED_AVAILABILITY = YES_AGGRESSIVE;
				CLANG_WARN_UNREACHABLE_CODE = YES;
				CLANG_WARN__DUPLICATE_METHOD_MATCH = YES;
				CODE_SIGN_IDENTITY = "iPhone Developer";
				COPY_PHASE_STRIP = NO;
				DEBUG_INFORMATION_FORMAT = dwarf;
				ENABLE_STRICT_OBJC_MSGSEND = YES;
				ENABLE_TESTABILITY = YES;
				GCC_C_LANGUAGE_STANDARD = gnu11;
				GCC_DYNAMIC_NO_PIC = NO;
				GCC_NO_COMMON_BLOCKS = YES;
				GCC_OPTIMIZATION_LEVEL = 0;
				GCC_PREPROCESSOR_DEFINITIONS = (
					"DEBUG=1",
					"$(inherited)",
				);
				GCC_WARN_64_TO_32_BIT_CONVERSION = YES;
				GCC_WARN_ABOUT_RETURN_TYPE = YES_ERROR;
				GCC_WARN_UNDECLARED_SELECTOR = YES;
				GCC_WARN_UNINITIALIZED_AUTOS = YES_AGGRESSIVE;
				GCC_WARN_UNUSED_FUNCTION = YES;
				GCC_WARN_UNUSED_VARIABLE = YES;
				IPHONEOS_DEPLOYMENT_TARGET = 11.2;
				MTL_ENABLE_DEBUG_INFO = YES;
				ONLY_ACTIVE_ARCH = YES;
				SDKROOT = iphoneos;
				SWIFT_ACTIVE_COMPILATION_CONDITIONS = DEBUG;
				SWIFT_OPTIMIZATION_LEVEL = "-Onone";
			};
			name = Debug;
		};
		8EFA3B361FF045AB00375B6E /* Release */ = {
			isa = XCBuildConfiguration;
			buildSettings = {
				ALWAYS_SEARCH_USER_PATHS = NO;
				CLANG_ANALYZER_NONNULL = YES;
				CLANG_ANALYZER_NUMBER_OBJECT_CONVERSION = YES_AGGRESSIVE;
				CLANG_CXX_LANGUAGE_STANDARD = "gnu++14";
				CLANG_CXX_LIBRARY = "libc++";
				CLANG_ENABLE_MODULES = YES;
				CLANG_ENABLE_OBJC_ARC = YES;
				CLANG_WARN_BLOCK_CAPTURE_AUTORELEASING = YES;
				CLANG_WARN_BOOL_CONVERSION = YES;
				CLANG_WARN_COMMA = YES;
				CLANG_WARN_CONSTANT_CONVERSION = YES;
				CLANG_WARN_DIRECT_OBJC_ISA_USAGE = YES_ERROR;
				CLANG_WARN_DOCUMENTATION_COMMENTS = YES;
				CLANG_WARN_EMPTY_BODY = YES;
				CLANG_WARN_ENUM_CONVERSION = YES;
				CLANG_WARN_INFINITE_RECURSION = YES;
				CLANG_WARN_INT_CONVERSION = YES;
				CLANG_WARN_NON_LITERAL_NULL_CONVERSION = YES;
				CLANG_WARN_OBJC_LITERAL_CONVERSION = YES;
				CLANG_WARN_OBJC_ROOT_CLASS = YES_ERROR;
				CLANG_WARN_RANGE_LOOP_ANALYSIS = YES;
				CLANG_WARN_STRICT_PROTOTYPES = YES;
				CLANG_WARN_SUSPICIOUS_MOVE = YES;
				CLANG_WARN_UNGUARDED_AVAILABILITY = YES_AGGRESSIVE;
				CLANG_WARN_UNREACHABLE_CODE = YES;
				CLANG_WARN__DUPLICATE_METHOD_MATCH = YES;
				CODE_SIGN_IDENTITY = "iPhone Developer";
				COPY_PHASE_STRIP = NO;
				DEBUG_INFORMATION_FORMAT = "dwarf-with-dsym";
				ENABLE_NS_ASSERTIONS = NO;
				ENABLE_STRICT_OBJC_MSGSEND = YES;
				GCC_C_LANGUAGE_STANDARD = gnu11;
				GCC_NO_COMMON_BLOCKS = YES;
				GCC_WARN_64_TO_32_BIT_CONVERSION = YES;
				GCC_WARN_ABOUT_RETURN_TYPE = YES_ERROR;
				GCC_WARN_UNDECLARED_SELECTOR = YES;
				GCC_WARN_UNINITIALIZED_AUTOS = YES_AGGRESSIVE;
				GCC_WARN_UNUSED_FUNCTION = YES;
				GCC_WARN_UNUSED_VARIABLE = YES;
				IPHONEOS_DEPLOYMENT_TARGET = 11.2;
				MTL_ENABLE_DEBUG_INFO = NO;
				SDKROOT = iphoneos;
				SWIFT_OPTIMIZATION_LEVEL = "-Owholemodule";
				VALIDATE_PRODUCT = YES;
			};
			name = Release;
		};
		8EFA3B381FF045AB00375B6E /* Debug */ = {
			isa = XCBuildConfiguration;
			buildSettings = {
				ASSETCATALOG_COMPILER_APPICON_NAME = AppIcon;
				CODE_SIGN_STYLE = Automatic;
				DEVELOPMENT_TEAM = X6D769Z7F4;
				INFOPLIST_FILE = HistoricDatesQuiz/Info.plist;
				LD_RUNPATH_SEARCH_PATHS = "$(inherited) @executable_path/Frameworks";
				PRODUCT_BUNDLE_IDENTIFIER = NM.HistoricDatesQuiz;
				PRODUCT_NAME = "$(TARGET_NAME)";
				SWIFT_VERSION = 4.0;
				TARGETED_DEVICE_FAMILY = "1,2";
			};
			name = Debug;
		};
		8EFA3B391FF045AB00375B6E /* Release */ = {
			isa = XCBuildConfiguration;
			buildSettings = {
				ASSETCATALOG_COMPILER_APPICON_NAME = AppIcon;
				CODE_SIGN_STYLE = Automatic;
				DEVELOPMENT_TEAM = X6D769Z7F4;
				INFOPLIST_FILE = HistoricDatesQuiz/Info.plist;
				LD_RUNPATH_SEARCH_PATHS = "$(inherited) @executable_path/Frameworks";
				PRODUCT_BUNDLE_IDENTIFIER = NM.HistoricDatesQuiz;
				PRODUCT_NAME = "$(TARGET_NAME)";
				SWIFT_VERSION = 4.0;
				TARGETED_DEVICE_FAMILY = "1,2";
			};
			name = Release;
		};
		8EFA3B3B1FF045AB00375B6E /* Debug */ = {
			isa = XCBuildConfiguration;
			buildSettings = {
				ALWAYS_EMBED_SWIFT_STANDARD_LIBRARIES = YES;
				BUNDLE_LOADER = "$(TEST_HOST)";
				CODE_SIGN_STYLE = Automatic;
				DEVELOPMENT_TEAM = X6D769Z7F4;
				INFOPLIST_FILE = HistoricDatesQuizTests/Info.plist;
				LD_RUNPATH_SEARCH_PATHS = "$(inherited) @executable_path/Frameworks @loader_path/Frameworks";
				PRODUCT_BUNDLE_IDENTIFIER = NM.HistoricDatesQuizTests;
				PRODUCT_NAME = "$(TARGET_NAME)";
				SWIFT_VERSION = 4.0;
				TARGETED_DEVICE_FAMILY = "1,2";
				TEST_HOST = "$(BUILT_PRODUCTS_DIR)/HistoricDatesQuiz.app/HistoricDatesQuiz";
			};
			name = Debug;
		};
		8EFA3B3C1FF045AB00375B6E /* Release */ = {
			isa = XCBuildConfiguration;
			buildSettings = {
				ALWAYS_EMBED_SWIFT_STANDARD_LIBRARIES = YES;
				BUNDLE_LOADER = "$(TEST_HOST)";
				CODE_SIGN_STYLE = Automatic;
				DEVELOPMENT_TEAM = X6D769Z7F4;
				INFOPLIST_FILE = HistoricDatesQuizTests/Info.plist;
				LD_RUNPATH_SEARCH_PATHS = "$(inherited) @executable_path/Frameworks @loader_path/Frameworks";
				PRODUCT_BUNDLE_IDENTIFIER = NM.HistoricDatesQuizTests;
				PRODUCT_NAME = "$(TARGET_NAME)";
				SWIFT_VERSION = 4.0;
				TARGETED_DEVICE_FAMILY = "1,2";
				TEST_HOST = "$(BUILT_PRODUCTS_DIR)/HistoricDatesQuiz.app/HistoricDatesQuiz";
			};
			name = Release;
		};
		8EFA3B3E1FF045AB00375B6E /* Debug */ = {
			isa = XCBuildConfiguration;
			buildSettings = {
				ALWAYS_EMBED_SWIFT_STANDARD_LIBRARIES = YES;
				CODE_SIGN_STYLE = Automatic;
				DEVELOPMENT_TEAM = X6D769Z7F4;
				INFOPLIST_FILE = HistoricDatesQuizUITests/Info.plist;
				LD_RUNPATH_SEARCH_PATHS = "$(inherited) @executable_path/Frameworks @loader_path/Frameworks";
				PRODUCT_BUNDLE_IDENTIFIER = NM.HistoricDatesQuizUITests;
				PRODUCT_NAME = "$(TARGET_NAME)";
				SWIFT_VERSION = 4.0;
				TARGETED_DEVICE_FAMILY = "1,2";
				TEST_TARGET_NAME = HistoricDatesQuiz;
			};
			name = Debug;
		};
		8EFA3B3F1FF045AB00375B6E /* Release */ = {
			isa = XCBuildConfiguration;
			buildSettings = {
				ALWAYS_EMBED_SWIFT_STANDARD_LIBRARIES = YES;
				CODE_SIGN_STYLE = Automatic;
				DEVELOPMENT_TEAM = X6D769Z7F4;
				INFOPLIST_FILE = HistoricDatesQuizUITests/Info.plist;
				LD_RUNPATH_SEARCH_PATHS = "$(inherited) @executable_path/Frameworks @loader_path/Frameworks";
				PRODUCT_BUNDLE_IDENTIFIER = NM.HistoricDatesQuizUITests;
				PRODUCT_NAME = "$(TARGET_NAME)";
				SWIFT_VERSION = 4.0;
				TARGETED_DEVICE_FAMILY = "1,2";
				TEST_TARGET_NAME = HistoricDatesQuiz;
			};
			name = Release;
		};
/* End XCBuildConfiguration section */

/* Begin XCConfigurationList section */
		8EFA3B071FF045AA00375B6E /* Build configuration list for PBXProject "HistoricDatesQuiz" */ = {
			isa = XCConfigurationList;
			buildConfigurations = (
				8EFA3B351FF045AB00375B6E /* Debug */,
				8EFA3B361FF045AB00375B6E /* Release */,
			);
			defaultConfigurationIsVisible = 0;
			defaultConfigurationName = Release;
		};
		8EFA3B371FF045AB00375B6E /* Build configuration list for PBXNativeTarget "HistoricDatesQuiz" */ = {
			isa = XCConfigurationList;
			buildConfigurations = (
				8EFA3B381FF045AB00375B6E /* Debug */,
				8EFA3B391FF045AB00375B6E /* Release */,
			);
			defaultConfigurationIsVisible = 0;
			defaultConfigurationName = Release;
		};
		8EFA3B3A1FF045AB00375B6E /* Build configuration list for PBXNativeTarget "HistoricDatesQuizTests" */ = {
			isa = XCConfigurationList;
			buildConfigurations = (
				8EFA3B3B1FF045AB00375B6E /* Debug */,
				8EFA3B3C1FF045AB00375B6E /* Release */,
			);
			defaultConfigurationIsVisible = 0;
			defaultConfigurationName = Release;
		};
		8EFA3B3D1FF045AB00375B6E /* Build configuration list for PBXNativeTarget "HistoricDatesQuizUITests" */ = {
			isa = XCConfigurationList;
			buildConfigurations = (
				8EFA3B3E1FF045AB00375B6E /* Debug */,
				8EFA3B3F1FF045AB00375B6E /* Release */,
			);
			defaultConfigurationIsVisible = 0;
			defaultConfigurationName = Release;
		};
/* End XCConfigurationList section */

/* Begin XCVersionGroup section */
		8EFA3B161FF045AA00375B6E /* HistoricDatesQuiz.xcdatamodeld */ = {
			isa = XCVersionGroup;
			children = (
				8EFA3B171FF045AA00375B6E /* HistoricDatesQuiz.xcdatamodel */,
			);
			currentVersion = 8EFA3B171FF045AA00375B6E /* HistoricDatesQuiz.xcdatamodel */;
			path = HistoricDatesQuiz.xcdatamodeld;
			sourceTree = "<group>";
			versionGroupType = wrapper.xcdatamodel;
		};
/* End XCVersionGroup section */
	};
	rootObject = 8EFA3B041FF045AA00375B6E /* Project object */;
}
